<?xml version="1.0" encoding="utf-8"?>
<Project ToolsVersion="4.0" xmlns="http://schemas.microsoft.com/developer/msbuild/2003">
  <ItemGroup>
    <Filter Include="Source Files">
      <UniqueIdentifier>{286446b7-aba9-49ed-afc9-84aedd9f3fab}</UniqueIdentifier>
      <Extensions>cpp;c;cxx;rc;def;r;odl;idl;hpj;bat</Extensions>
    </Filter>
    <Filter Include="Header Files">
      <UniqueIdentifier>{19e30c4f-3027-4ed0-a20b-572464f34cd1}</UniqueIdentifier>
      <Extensions>h;hpp;hxx;hm;inl</Extensions>
    </Filter>
  </ItemGroup>
  <ItemGroup>
    <ClCompile Include="3mbsLib.cpp">
      <Filter>Source Files</Filter>
    </ClCompile>
    <ClCompile Include="Animat.cpp">
      <Filter>Source Files</Filter>
    </ClCompile>
    <ClCompile Include="Bathymetry.cpp">
      <Filter>Source Files</Filter>
    </ClCompile>
    <ClCompile Include="DataLogger.cpp">
      <Filter>Source Files</Filter>
    </ClCompile>
    <ClCompile Include="EnvironmentData.cpp">
      <Filter>Source Files</Filter>
    </ClCompile>
    <ClCompile Include="FileExtracter.cpp">
      <Filter>Source Files</Filter>
    </ClCompile>
    <ClCompile Include="FileManager.cpp">
      <Filter>Source Files</Filter>
    </ClCompile>
    <ClCompile Include="Mutex.cpp">
      <Filter>Source Files</Filter>
    </ClCompile>
    <ClCompile Include="OutputManager.cpp">
      <Filter>Source Files</Filter>
    </ClCompile>
    <ClCompile Include="OutputReader.cpp">
      <Filter>Source Files</Filter>
    </ClCompile>
    <ClCompile Include="Pod.cpp">
      <Filter>Source Files</Filter>
    </ClCompile>
    <ClCompile Include="RANDOM.CPP">
      <Filter>Source Files</Filter>
    </ClCompile>
    <ClCompile Include="Scenario.cpp">
      <Filter>Source Files</Filter>
    </ClCompile>
    <ClCompile Include="Species.cpp">
      <Filter>Source Files</Filter>
    </ClCompile>
    <ClCompile Include="SpeciesModel.cpp">
      <Filter>Source Files</Filter>
    </ClCompile>
    <ClCompile Include="SpeciesUpgrader.cpp">
      <Filter>Source Files</Filter>
    </ClCompile>
    <ClCompile Include="ScenarioStatic.cpp">
      <Filter>Source Files</Filter>
    </ClCompile>
    <ClCompile Include="staticLib.cpp">
      <Filter>Source Files</Filter>
    </ClCompile>
    <ClCompile Include="EnvironmentalDataStatic.cpp">
      <Filter>Source Files</Filter>
    </ClCompile>
    <ClCompile Include="IntManager.cpp">
      <Filter>Source Files</Filter>
    </ClCompile>
    <ClCompile Include="FileManagerStatic.cpp">
      <Filter>Source Files</Filter>
    </ClCompile>
    <ClCompile Include="Scenario2.cpp">
      <Filter>Source Files</Filter>
    </ClCompile>
  </ItemGroup>
  <ItemGroup>
    <ClInclude Include="3mbsLib.h">
      <Filter>Header Files</Filter>
    </ClInclude>
    <ClInclude Include="Animat.h">
      <Filter>Header Files</Filter>
    </ClInclude>
    <ClInclude Include="Bathymetry.h">
      <Filter>Header Files</Filter>
    </ClInclude>
    <ClInclude Include="DataLogger.h">
      <Filter>Header Files</Filter>
    </ClInclude>
    <ClInclude Include="dataTypes.h">
      <Filter>Header Files</Filter>
    </ClInclude>
    <ClInclude Include="dataTypes_general.h">
      <Filter>Header Files</Filter>
    </ClInclude>
    <ClInclude Include="dataTypes_scenarioExecution.h">
      <Filter>Header Files</Filter>
    </ClInclude>
    <ClInclude Include="dataTypes_ScenarioSetup.h">
      <Filter>Header Files</Filter>
    </ClInclude>
    <ClInclude Include="dataTypes_ScenarioToFile.h">
      <Filter>Header Files</Filter>
    </ClInclude>
    <ClInclude Include="dataTypes_SpeciesGroup.h">
      <Filter>Header Files</Filter>
    </ClInclude>
    <ClInclude Include="dataTypes_speciesModeling.h">
      <Filter>Header Files</Filter>
    </ClInclude>
    <ClInclude Include="dataTypes_statsAnalysis.h">
      <Filter>Header Files</Filter>
    </ClInclude>
    <ClInclude Include="EnvironmentData.h">
      <Filter>Header Files</Filter>
    </ClInclude>
    <ClInclude Include="FileExtracter.h">
      <Filter>Header Files</Filter>
    </ClInclude>
    <ClInclude Include="FileManager.h">
      <Filter>Header Files</Filter>
    </ClInclude>
    <ClInclude Include="IntManager.h">
      <Filter>Header Files</Filter>
    </ClInclude>
    <ClInclude Include="IRunnable.h">
      <Filter>Header Files</Filter>
    </ClInclude>
    <ClInclude Include="ListManager.h">
      <Filter>Header Files</Filter>
    </ClInclude>
    <ClInclude Include="Mutex.h">
      <Filter>Header Files</Filter>
    </ClInclude>
    <ClInclude Include="OutputManager.h">
      <Filter>Header Files</Filter>
    </ClInclude>
    <ClInclude Include="OutputReader.h">
      <Filter>Header Files</Filter>
    </ClInclude>
    <ClInclude Include="params.h">
      <Filter>Header Files</Filter>
    </ClInclude>
    <ClInclude Include="Pod.h">
      <Filter>Header Files</Filter>
    </ClInclude>
    <ClInclude Include="RANDOM.H">
      <Filter>Header Files</Filter>
    </ClInclude>
    <ClInclude Include="Scenario.h">
      <Filter>Header Files</Filter>
    </ClInclude>
    <ClInclude Include="Species.h">
      <Filter>Header Files</Filter>
    </ClInclude>
    <ClInclude Include="SpeciesModel.h">
      <Filter>Header Files</Filter>
    </ClInclude>
    <ClInclude Include="SpeciesUpgrader.h">
      <Filter>Header Files</Filter>
    </ClInclude>
    <ClInclude Include="SpeDataTypesCmmn.h">
      <Filter>Header Files</Filter>
    </ClInclude>
    <ClInclude Include="SpeDataTypesV2.h">
      <Filter>Header Files</Filter>
    </ClInclude>
    <ClInclude Include="SpeDataTypesV3.h">
      <Filter>Header Files</Filter>
    </ClInclude>
    <ClInclude Include="SpeDataTypesV4.h">
      <Filter>Header Files</Filter>
    </ClInclude>
    <ClInclude Include="SpeDataTypesV5.h">
      <Filter>Header Files</Filter>
    </ClInclude>
    <ClInclude Include="SpeDataTypesV6.h">
      <Filter>Header Files</Filter>
    </ClInclude>
    <ClInclude Include="SpeDataTypesV7.h">
      <Filter>Header Files</Filter>
    </ClInclude>
    <ClInclude Include="ScenarioStatic.h">
      <Filter>Header Files</Filter>
    </ClInclude>
    <ClInclude Include="staticLib.h">
      <Filter>Header Files</Filter>
    </ClInclude>
    <ClInclude Include="EnvironmentalDataStatic.h">
      <Filter>Header Files</Filter>
    </ClInclude>
    <ClInclude Include="FileManagerStatic.h">
      <Filter>Header Files</Filter>
    </ClInclude>
  </ItemGroup>
</Project>