
Microsoft Visual Studio Solution File, Format Version 11.00
# Visual Studio 2010
Project("{2150E333-8FDC-42A3-9474-1A3956D46DE8}") = "Solution Items", "Solution Items", "{939BCFE6-6EB1-4C69-AE35-267863882AAF}"
EndProject
Project("{2150E333-8FDC-42A3-9474-1A3956D46DE8}") = "Libraries", "Libraries", "{426FE9B9-11A0-4693-A699-FBCB7D0AD2E1}"
EndProject
Project("{FAE04EC0-301F-11D3-BF4B-00C04F79EFBC}") = "ESME WorkBench", "ESME WorkBench\ESME WorkBench.csproj", "{1CD6E800-1D60-405A-BF80-F9CAE2E411E2}"
	ProjectSection(ProjectDependencies) = postProject
		{9BE4EC87-58B9-4B9F-8C27-4132BBD4A9B3} = {9BE4EC87-58B9-4B9F-8C27-4132BBD4A9B3}
		{33EEBAB0-38DD-4968-ACA0-F6DAB2C6B3B6} = {33EEBAB0-38DD-4968-ACA0-F6DAB2C6B3B6}
	EndProjectSection
EndProject
Project("{930C7802-8A8C-48F9-8165-68863BCCD9DD}") = "Installer", "SetupESMEWorkbench\Installer.wixproj", "{68A96070-B68E-41C3-8B29-A4D21100CCA4}"
	ProjectSection(ProjectDependencies) = postProject
		{1CD6E800-1D60-405A-BF80-F9CAE2E411E2} = {1CD6E800-1D60-405A-BF80-F9CAE2E411E2}
		{49221733-2EB6-468F-8833-06C0E36B3C83} = {49221733-2EB6-468F-8833-06C0E36B3C83}
		{38BB9B49-3218-4F10-8D45-79FF3746C7CD} = {38BB9B49-3218-4F10-8D45-79FF3746C7CD}
		{AC11645F-AFD3-4DDE-9E2F-E1F2FEB22A55} = {AC11645F-AFD3-4DDE-9E2F-E1F2FEB22A55}
		{1758077A-336A-4C13-B8F9-6B581B616D8A} = {1758077A-336A-4C13-B8F9-6B581B616D8A}
		{9BE4EC87-58B9-4B9F-8C27-4132BBD4A9B3} = {9BE4EC87-58B9-4B9F-8C27-4132BBD4A9B3}
		{33EEBAB0-38DD-4968-ACA0-F6DAB2C6B3B6} = {33EEBAB0-38DD-4968-ACA0-F6DAB2C6B3B6}
		{D3D21DEC-91C9-43F2-A583-301624FA0455} = {D3D21DEC-91C9-43F2-A583-301624FA0455}
	EndProjectSection
EndProject
Project("{FAE04EC0-301F-11D3-BF4B-00C04F79EFBC}") = "ESME", "Libraries\ESME\ESME.csproj", "{9BE4EC87-58B9-4B9F-8C27-4132BBD4A9B3}"
	ProjectSection(ProjectDependencies) = postProject
		{33EEBAB0-38DD-4968-ACA0-F6DAB2C6B3B6} = {33EEBAB0-38DD-4968-ACA0-F6DAB2C6B3B6}
	EndProjectSection
EndProject
Project("{FAE04EC0-301F-11D3-BF4B-00C04F79EFBC}") = "NotifyIcon.WPF", "Libraries\NotifyIconWpf\NotifyIcon.WPF.csproj", "{7AC63864-7638-41C4-969C-D3197EF2BED9}"
EndProject
Project("{FAE04EC0-301F-11D3-BF4B-00C04F79EFBC}") = "HRC", "Libraries\HRC\HRC.csproj", "{38BB9B49-3218-4F10-8D45-79FF3746C7CD}"
	ProjectSection(ProjectDependencies) = postProject
		{33EEBAB0-38DD-4968-ACA0-F6DAB2C6B3B6} = {33EEBAB0-38DD-4968-ACA0-F6DAB2C6B3B6}
	EndProjectSection
EndProject
Project("{FAE04EC0-301F-11D3-BF4B-00C04F79EFBC}") = "ESME.Views", "ESME.Controls\ESME.Views.csproj", "{49221733-2EB6-468F-8833-06C0E36B3C83}"
	ProjectSection(ProjectDependencies) = postProject
		{33EEBAB0-38DD-4968-ACA0-F6DAB2C6B3B6} = {33EEBAB0-38DD-4968-ACA0-F6DAB2C6B3B6}
	EndProjectSection
EndProject
Project("{FAE04EC0-301F-11D3-BF4B-00C04F79EFBC}") = "NetCDF_Wrapper", "Libraries\NetCDF\NetCDF_Wrapper.csproj", "{AC11645F-AFD3-4DDE-9E2F-E1F2FEB22A55}"
EndProject
Project("{FAE04EC0-301F-11D3-BF4B-00C04F79EFBC}") = "NetCDFExtractor", "Utilities\NetCDFExtractor\NetCDFExtractor.csproj", "{1758077A-336A-4C13-B8F9-6B581B616D8A}"
EndProject
Project("{FAE04EC0-301F-11D3-BF4B-00C04F79EFBC}") = "dbtester", "dbtester\dbtester.csproj", "{CE3F47DE-2CCB-451B-862F-9B28B4A3EC9F}"
EndProject
Project("{FAE04EC0-301F-11D3-BF4B-00C04F79EFBC}") = "NetCDF_Explorer", "Utilities\NetCDF_Explorer\NetCDF_Explorer.csproj", "{073A8CED-BB05-47E7-A055-8F2692563D46}"
EndProject
Project("{FAE04EC0-301F-11D3-BF4B-00C04F79EFBC}") = "EnvironmentFileExplorer", "Utilities\EnvironmentFileExplorer\EnvironmentFileExplorer.csproj", "{E9795B2A-5082-42BE-9376-A041EEED53EC}"
EndProject
Project("{8BC9CEB8-8B4A-11D0-8D11-00A0C91BC942}") = "SMGCExtract", "Utilities\SMGCExtract\SMGCExtract.vcxproj", "{D3D21DEC-91C9-43F2-A583-301624FA0455}"
EndProject
Project("{FAE04EC0-301F-11D3-BF4B-00C04F79EFBC}") = "cassdifftester", "cassdifftester\cassdifftester.csproj", "{137AF68B-CDF3-4639-BA62-4398927191CD}"
EndProject
Project("{FAE04EC0-301F-11D3-BF4B-00C04F79EFBC}") = "OurSMGCExtractor", "OurSMGCExtractor\OurSMGCExtractor.csproj", "{17436B02-E798-4A2D-BC1B-97B3D5A12B0E}"
EndProject
Project("{FAE04EC0-301F-11D3-BF4B-00C04F79EFBC}") = "TransmissionLossCalculator", "TransmissionLossCalculator\TransmissionLossCalculator.csproj", "{DBCCF1ED-1425-4722-AF28-1F0620DCE19C}"
EndProject
Project("{FAE04EC0-301F-11D3-BF4B-00C04F79EFBC}") = "ProjectBuildInfo", "Utilities\ProjectBuildInfo\ProjectBuildInfo.csproj", "{33EEBAB0-38DD-4968-ACA0-F6DAB2C6B3B6}"
EndProject
Project("{FAE04EC0-301F-11D3-BF4B-00C04F79EFBC}") = "grahams_little_sandbox", "grahams_little_sandbox\grahams_little_sandbox.csproj", "{4CF79AA1-B66E-4F1C-82B2-FC9BFBAD77CA}"
EndProject
Project("{FAE04EC0-301F-11D3-BF4B-00C04F79EFBC}") = "TransmissionLossViewer", "TransmissionLossViewer\TransmissionLossViewer.csproj", "{B8D1B045-78F7-4645-9754-5A1DF2B79439}"
EndProject
Project("{2150E333-8FDC-42A3-9474-1A3956D46DE8}") = "Miscellaneous", "Miscellaneous", "{FA61527E-40F8-4E12-A80C-DDAECCBBE94A}"
EndProject
Project("{2150E333-8FDC-42A3-9474-1A3956D46DE8}") = "Utilities", "Utilities", "{19195DC2-8069-491E-BCDE-B290D1C4B22C}"
EndProject
Project("{FAE04EC0-301F-11D3-BF4B-00C04F79EFBC}") = "DavesConsoleTester", "Miscellaneous\DavesConsoleTester\DavesConsoleTester.csproj", "{9970A936-EF9B-4923-85E3-92BD9EF23B22}"
EndProject
Global
	GlobalSection(SubversionScc) = preSolution
		Svn-Managed = True
		Manager = AnkhSVN - Subversion Support for Visual Studio
	EndGlobalSection
	GlobalSection(SolutionConfigurationPlatforms) = preSolution
		Debug|Any CPU = Debug|Any CPU
		Debug|Mixed Platforms = Debug|Mixed Platforms
		Debug|Win32 = Debug|Win32
		Debug|x64 = Debug|x64
		Debug|x86 = Debug|x86
		Release|Any CPU = Release|Any CPU
		Release|Mixed Platforms = Release|Mixed Platforms
		Release|Win32 = Release|Win32
		Release|x64 = Release|x64
		Release|x86 = Release|x86
	EndGlobalSection
	GlobalSection(ProjectConfigurationPlatforms) = postSolution
		{1CD6E800-1D60-405A-BF80-F9CAE2E411E2}.Debug|Any CPU.ActiveCfg = Debug|Any CPU
		{1CD6E800-1D60-405A-BF80-F9CAE2E411E2}.Debug|Any CPU.Build.0 = Debug|Any CPU
		{1CD6E800-1D60-405A-BF80-F9CAE2E411E2}.Debug|Mixed Platforms.ActiveCfg = Debug|Any CPU
		{1CD6E800-1D60-405A-BF80-F9CAE2E411E2}.Debug|Mixed Platforms.Build.0 = Debug|Any CPU
		{1CD6E800-1D60-405A-BF80-F9CAE2E411E2}.Debug|Win32.ActiveCfg = Debug|x86
		{1CD6E800-1D60-405A-BF80-F9CAE2E411E2}.Debug|Win32.Build.0 = Debug|x86
		{1CD6E800-1D60-405A-BF80-F9CAE2E411E2}.Debug|x64.ActiveCfg = Debug|x86
		{1CD6E800-1D60-405A-BF80-F9CAE2E411E2}.Debug|x86.ActiveCfg = Debug|x86
		{1CD6E800-1D60-405A-BF80-F9CAE2E411E2}.Debug|x86.Build.0 = Debug|x86
		{1CD6E800-1D60-405A-BF80-F9CAE2E411E2}.Release|Any CPU.ActiveCfg = Release|Any CPU
		{1CD6E800-1D60-405A-BF80-F9CAE2E411E2}.Release|Any CPU.Build.0 = Release|Any CPU
		{1CD6E800-1D60-405A-BF80-F9CAE2E411E2}.Release|Mixed Platforms.ActiveCfg = Release|Any CPU
		{1CD6E800-1D60-405A-BF80-F9CAE2E411E2}.Release|Mixed Platforms.Build.0 = Release|Any CPU
		{1CD6E800-1D60-405A-BF80-F9CAE2E411E2}.Release|Win32.ActiveCfg = Release|x86
		{1CD6E800-1D60-405A-BF80-F9CAE2E411E2}.Release|x64.ActiveCfg = Release|x86
		{1CD6E800-1D60-405A-BF80-F9CAE2E411E2}.Release|x86.ActiveCfg = Release|x86
		{1CD6E800-1D60-405A-BF80-F9CAE2E411E2}.Release|x86.Build.0 = Release|x86
		{68A96070-B68E-41C3-8B29-A4D21100CCA4}.Debug|Any CPU.ActiveCfg = Debug|x86
		{68A96070-B68E-41C3-8B29-A4D21100CCA4}.Debug|Mixed Platforms.ActiveCfg = Debug|x86
		{68A96070-B68E-41C3-8B29-A4D21100CCA4}.Debug|Win32.ActiveCfg = Debug|x86
		{68A96070-B68E-41C3-8B29-A4D21100CCA4}.Debug|x64.ActiveCfg = Debug|x86
		{68A96070-B68E-41C3-8B29-A4D21100CCA4}.Debug|x86.ActiveCfg = Debug|x86
		{68A96070-B68E-41C3-8B29-A4D21100CCA4}.Release|Any CPU.ActiveCfg = Release|x86
		{68A96070-B68E-41C3-8B29-A4D21100CCA4}.Release|Any CPU.Build.0 = Release|x86
		{68A96070-B68E-41C3-8B29-A4D21100CCA4}.Release|Mixed Platforms.ActiveCfg = Release|x86
		{68A96070-B68E-41C3-8B29-A4D21100CCA4}.Release|Mixed Platforms.Build.0 = Release|x86
		{68A96070-B68E-41C3-8B29-A4D21100CCA4}.Release|Win32.ActiveCfg = Release|x86
		{68A96070-B68E-41C3-8B29-A4D21100CCA4}.Release|x64.ActiveCfg = Release|x86
		{68A96070-B68E-41C3-8B29-A4D21100CCA4}.Release|x86.ActiveCfg = Release|x86
		{68A96070-B68E-41C3-8B29-A4D21100CCA4}.Release|x86.Build.0 = Release|x86
		{9BE4EC87-58B9-4B9F-8C27-4132BBD4A9B3}.Debug|Any CPU.ActiveCfg = Debug|Any CPU
		{9BE4EC87-58B9-4B9F-8C27-4132BBD4A9B3}.Debug|Any CPU.Build.0 = Debug|Any CPU
		{9BE4EC87-58B9-4B9F-8C27-4132BBD4A9B3}.Debug|Mixed Platforms.ActiveCfg = Debug|Any CPU
		{9BE4EC87-58B9-4B9F-8C27-4132BBD4A9B3}.Debug|Mixed Platforms.Build.0 = Debug|Any CPU
		{9BE4EC87-58B9-4B9F-8C27-4132BBD4A9B3}.Debug|Win32.ActiveCfg = Debug|x86
		{9BE4EC87-58B9-4B9F-8C27-4132BBD4A9B3}.Debug|Win32.Build.0 = Debug|x86
		{9BE4EC87-58B9-4B9F-8C27-4132BBD4A9B3}.Debug|x64.ActiveCfg = Debug|x86
		{9BE4EC87-58B9-4B9F-8C27-4132BBD4A9B3}.Debug|x86.ActiveCfg = Debug|x86
		{9BE4EC87-58B9-4B9F-8C27-4132BBD4A9B3}.Debug|x86.Build.0 = Debug|x86
		{9BE4EC87-58B9-4B9F-8C27-4132BBD4A9B3}.Release|Any CPU.ActiveCfg = Release|Any CPU
		{9BE4EC87-58B9-4B9F-8C27-4132BBD4A9B3}.Release|Any CPU.Build.0 = Release|Any CPU
		{9BE4EC87-58B9-4B9F-8C27-4132BBD4A9B3}.Release|Mixed Platforms.ActiveCfg = Release|Any CPU
		{9BE4EC87-58B9-4B9F-8C27-4132BBD4A9B3}.Release|Mixed Platforms.Build.0 = Release|Any CPU
		{9BE4EC87-58B9-4B9F-8C27-4132BBD4A9B3}.Release|Win32.ActiveCfg = Release|x86
		{9BE4EC87-58B9-4B9F-8C27-4132BBD4A9B3}.Release|x64.ActiveCfg = Release|x86
		{9BE4EC87-58B9-4B9F-8C27-4132BBD4A9B3}.Release|x86.ActiveCfg = Release|x86
		{9BE4EC87-58B9-4B9F-8C27-4132BBD4A9B3}.Release|x86.Build.0 = Release|x86
		{7AC63864-7638-41C4-969C-D3197EF2BED9}.Debug|Any CPU.ActiveCfg = Debug|Any CPU
		{7AC63864-7638-41C4-969C-D3197EF2BED9}.Debug|Any CPU.Build.0 = Debug|Any CPU
		{7AC63864-7638-41C4-969C-D3197EF2BED9}.Debug|Mixed Platforms.ActiveCfg = Debug|x86
		{7AC63864-7638-41C4-969C-D3197EF2BED9}.Debug|Win32.ActiveCfg = Debug|x86
		{7AC63864-7638-41C4-969C-D3197EF2BED9}.Debug|x64.ActiveCfg = Debug|x86
		{7AC63864-7638-41C4-969C-D3197EF2BED9}.Debug|x86.ActiveCfg = Debug|x86
		{7AC63864-7638-41C4-969C-D3197EF2BED9}.Release|Any CPU.ActiveCfg = Release|Any CPU
		{7AC63864-7638-41C4-969C-D3197EF2BED9}.Release|Mixed Platforms.ActiveCfg = Release|x86
		{7AC63864-7638-41C4-969C-D3197EF2BED9}.Release|Win32.ActiveCfg = Release|x86
		{7AC63864-7638-41C4-969C-D3197EF2BED9}.Release|x64.ActiveCfg = Release|x86
		{7AC63864-7638-41C4-969C-D3197EF2BED9}.Release|x86.ActiveCfg = Release|x86
		{38BB9B49-3218-4F10-8D45-79FF3746C7CD}.Debug|Any CPU.ActiveCfg = Debug|Any CPU
		{38BB9B49-3218-4F10-8D45-79FF3746C7CD}.Debug|Any CPU.Build.0 = Debug|Any CPU
		{38BB9B49-3218-4F10-8D45-79FF3746C7CD}.Debug|Mixed Platforms.ActiveCfg = Debug|Any CPU
		{38BB9B49-3218-4F10-8D45-79FF3746C7CD}.Debug|Mixed Platforms.Build.0 = Debug|Any CPU
		{38BB9B49-3218-4F10-8D45-79FF3746C7CD}.Debug|Win32.ActiveCfg = Debug|x86
		{38BB9B49-3218-4F10-8D45-79FF3746C7CD}.Debug|Win32.Build.0 = Debug|x86
		{38BB9B49-3218-4F10-8D45-79FF3746C7CD}.Debug|x64.ActiveCfg = Debug|x86
		{38BB9B49-3218-4F10-8D45-79FF3746C7CD}.Debug|x86.ActiveCfg = Debug|x86
		{38BB9B49-3218-4F10-8D45-79FF3746C7CD}.Debug|x86.Build.0 = Debug|x86
		{38BB9B49-3218-4F10-8D45-79FF3746C7CD}.Release|Any CPU.ActiveCfg = Release|Any CPU
		{38BB9B49-3218-4F10-8D45-79FF3746C7CD}.Release|Any CPU.Build.0 = Release|Any CPU
		{38BB9B49-3218-4F10-8D45-79FF3746C7CD}.Release|Mixed Platforms.ActiveCfg = Release|Any CPU
		{38BB9B49-3218-4F10-8D45-79FF3746C7CD}.Release|Mixed Platforms.Build.0 = Release|Any CPU
		{38BB9B49-3218-4F10-8D45-79FF3746C7CD}.Release|Win32.ActiveCfg = Release|x86
		{38BB9B49-3218-4F10-8D45-79FF3746C7CD}.Release|x64.ActiveCfg = Release|x86
		{38BB9B49-3218-4F10-8D45-79FF3746C7CD}.Release|x86.ActiveCfg = Release|x86
		{38BB9B49-3218-4F10-8D45-79FF3746C7CD}.Release|x86.Build.0 = Release|x86
		{49221733-2EB6-468F-8833-06C0E36B3C83}.Debug|Any CPU.ActiveCfg = Debug|Any CPU
		{49221733-2EB6-468F-8833-06C0E36B3C83}.Debug|Any CPU.Build.0 = Debug|Any CPU
		{49221733-2EB6-468F-8833-06C0E36B3C83}.Debug|Mixed Platforms.ActiveCfg = Debug|Any CPU
		{49221733-2EB6-468F-8833-06C0E36B3C83}.Debug|Mixed Platforms.Build.0 = Debug|Any CPU
		{49221733-2EB6-468F-8833-06C0E36B3C83}.Debug|Win32.ActiveCfg = Debug|x86
		{49221733-2EB6-468F-8833-06C0E36B3C83}.Debug|Win32.Build.0 = Debug|x86
		{49221733-2EB6-468F-8833-06C0E36B3C83}.Debug|x64.ActiveCfg = Debug|x86
		{49221733-2EB6-468F-8833-06C0E36B3C83}.Debug|x86.ActiveCfg = Debug|x86
		{49221733-2EB6-468F-8833-06C0E36B3C83}.Debug|x86.Build.0 = Debug|x86
		{49221733-2EB6-468F-8833-06C0E36B3C83}.Release|Any CPU.ActiveCfg = Release|Any CPU
		{49221733-2EB6-468F-8833-06C0E36B3C83}.Release|Any CPU.Build.0 = Release|Any CPU
		{49221733-2EB6-468F-8833-06C0E36B3C83}.Release|Mixed Platforms.ActiveCfg = Release|Any CPU
		{49221733-2EB6-468F-8833-06C0E36B3C83}.Release|Mixed Platforms.Build.0 = Release|Any CPU
		{49221733-2EB6-468F-8833-06C0E36B3C83}.Release|Win32.ActiveCfg = Release|x86
		{49221733-2EB6-468F-8833-06C0E36B3C83}.Release|x64.ActiveCfg = Release|x86
		{49221733-2EB6-468F-8833-06C0E36B3C83}.Release|x86.ActiveCfg = Release|x86
		{49221733-2EB6-468F-8833-06C0E36B3C83}.Release|x86.Build.0 = Release|x86
		{AC11645F-AFD3-4DDE-9E2F-E1F2FEB22A55}.Debug|Any CPU.ActiveCfg = Debug|x86
		{AC11645F-AFD3-4DDE-9E2F-E1F2FEB22A55}.Debug|Any CPU.Build.0 = Debug|x86
		{AC11645F-AFD3-4DDE-9E2F-E1F2FEB22A55}.Debug|Mixed Platforms.ActiveCfg = Debug|x86
		{AC11645F-AFD3-4DDE-9E2F-E1F2FEB22A55}.Debug|Mixed Platforms.Build.0 = Debug|x86
		{AC11645F-AFD3-4DDE-9E2F-E1F2FEB22A55}.Debug|Win32.ActiveCfg = Debug|x86
		{AC11645F-AFD3-4DDE-9E2F-E1F2FEB22A55}.Debug|Win32.Build.0 = Debug|x86
		{AC11645F-AFD3-4DDE-9E2F-E1F2FEB22A55}.Debug|x64.ActiveCfg = Debug|x64
		{AC11645F-AFD3-4DDE-9E2F-E1F2FEB22A55}.Debug|x64.Build.0 = Debug|x64
		{AC11645F-AFD3-4DDE-9E2F-E1F2FEB22A55}.Debug|x86.ActiveCfg = Debug|x86
		{AC11645F-AFD3-4DDE-9E2F-E1F2FEB22A55}.Release|Any CPU.ActiveCfg = Release|x86
		{AC11645F-AFD3-4DDE-9E2F-E1F2FEB22A55}.Release|Any CPU.Build.0 = Release|x86
		{AC11645F-AFD3-4DDE-9E2F-E1F2FEB22A55}.Release|Mixed Platforms.ActiveCfg = Release|x86
		{AC11645F-AFD3-4DDE-9E2F-E1F2FEB22A55}.Release|Mixed Platforms.Build.0 = Release|x86
		{AC11645F-AFD3-4DDE-9E2F-E1F2FEB22A55}.Release|Win32.ActiveCfg = Release|x64
		{AC11645F-AFD3-4DDE-9E2F-E1F2FEB22A55}.Release|x64.ActiveCfg = Release|x64
		{AC11645F-AFD3-4DDE-9E2F-E1F2FEB22A55}.Release|x64.Build.0 = Release|x64
		{AC11645F-AFD3-4DDE-9E2F-E1F2FEB22A55}.Release|x86.ActiveCfg = Release|x86
		{AC11645F-AFD3-4DDE-9E2F-E1F2FEB22A55}.Release|x86.Build.0 = Release|x86
		{1758077A-336A-4C13-B8F9-6B581B616D8A}.Debug|Any CPU.ActiveCfg = Debug|x86
		{1758077A-336A-4C13-B8F9-6B581B616D8A}.Debug|Any CPU.Build.0 = Debug|x86
		{1758077A-336A-4C13-B8F9-6B581B616D8A}.Debug|Mixed Platforms.ActiveCfg = Debug|x86
		{1758077A-336A-4C13-B8F9-6B581B616D8A}.Debug|Mixed Platforms.Build.0 = Debug|x86
		{1758077A-336A-4C13-B8F9-6B581B616D8A}.Debug|Win32.ActiveCfg = Debug|x86
		{1758077A-336A-4C13-B8F9-6B581B616D8A}.Debug|Win32.Build.0 = Debug|x86
		{1758077A-336A-4C13-B8F9-6B581B616D8A}.Debug|x64.ActiveCfg = Debug|x64
		{1758077A-336A-4C13-B8F9-6B581B616D8A}.Debug|x64.Build.0 = Debug|x64
		{1758077A-336A-4C13-B8F9-6B581B616D8A}.Debug|x86.ActiveCfg = Debug|x86
		{1758077A-336A-4C13-B8F9-6B581B616D8A}.Release|Any CPU.ActiveCfg = Release|x86
		{1758077A-336A-4C13-B8F9-6B581B616D8A}.Release|Any CPU.Build.0 = Release|x86
		{1758077A-336A-4C13-B8F9-6B581B616D8A}.Release|Mixed Platforms.ActiveCfg = Release|x86
		{1758077A-336A-4C13-B8F9-6B581B616D8A}.Release|Mixed Platforms.Build.0 = Release|x86
		{1758077A-336A-4C13-B8F9-6B581B616D8A}.Release|Win32.ActiveCfg = Release|x64
		{1758077A-336A-4C13-B8F9-6B581B616D8A}.Release|x64.ActiveCfg = Release|x64
		{1758077A-336A-4C13-B8F9-6B581B616D8A}.Release|x64.Build.0 = Release|x64
		{1758077A-336A-4C13-B8F9-6B581B616D8A}.Release|x86.ActiveCfg = Release|x86
		{1758077A-336A-4C13-B8F9-6B581B616D8A}.Release|x86.Build.0 = Release|x86
		{CE3F47DE-2CCB-451B-862F-9B28B4A3EC9F}.Debug|Any CPU.ActiveCfg = Debug|x86
		{CE3F47DE-2CCB-451B-862F-9B28B4A3EC9F}.Debug|Mixed Platforms.ActiveCfg = Debug|x86
		{CE3F47DE-2CCB-451B-862F-9B28B4A3EC9F}.Debug|Win32.ActiveCfg = Debug|x86
		{CE3F47DE-2CCB-451B-862F-9B28B4A3EC9F}.Debug|x64.ActiveCfg = Debug|x86
		{CE3F47DE-2CCB-451B-862F-9B28B4A3EC9F}.Debug|x86.ActiveCfg = Debug|x86
		{CE3F47DE-2CCB-451B-862F-9B28B4A3EC9F}.Release|Any CPU.ActiveCfg = Release|x86
		{CE3F47DE-2CCB-451B-862F-9B28B4A3EC9F}.Release|Mixed Platforms.ActiveCfg = Release|x86
		{CE3F47DE-2CCB-451B-862F-9B28B4A3EC9F}.Release|Win32.ActiveCfg = Release|x86
		{CE3F47DE-2CCB-451B-862F-9B28B4A3EC9F}.Release|x64.ActiveCfg = Release|x86
		{CE3F47DE-2CCB-451B-862F-9B28B4A3EC9F}.Release|x86.ActiveCfg = Release|x86
		{073A8CED-BB05-47E7-A055-8F2692563D46}.Debug|Any CPU.ActiveCfg = Debug|x86
		{073A8CED-BB05-47E7-A055-8F2692563D46}.Debug|Mixed Platforms.ActiveCfg = Debug|x86
		{073A8CED-BB05-47E7-A055-8F2692563D46}.Debug|Win32.ActiveCfg = Debug|x86
		{073A8CED-BB05-47E7-A055-8F2692563D46}.Debug|x64.ActiveCfg = Debug|x64
		{073A8CED-BB05-47E7-A055-8F2692563D46}.Debug|x64.Build.0 = Debug|x64
		{073A8CED-BB05-47E7-A055-8F2692563D46}.Debug|x86.ActiveCfg = Debug|x86
		{073A8CED-BB05-47E7-A055-8F2692563D46}.Release|Any CPU.ActiveCfg = Release|x86
		{073A8CED-BB05-47E7-A055-8F2692563D46}.Release|Any CPU.Build.0 = Release|x86
		{073A8CED-BB05-47E7-A055-8F2692563D46}.Release|Mixed Platforms.ActiveCfg = Release|x86
		{073A8CED-BB05-47E7-A055-8F2692563D46}.Release|Win32.ActiveCfg = Release|x64
		{073A8CED-BB05-47E7-A055-8F2692563D46}.Release|x64.ActiveCfg = Release|x64
		{073A8CED-BB05-47E7-A055-8F2692563D46}.Release|x64.Build.0 = Release|x64
		{073A8CED-BB05-47E7-A055-8F2692563D46}.Release|x86.ActiveCfg = Release|x86
		{E9795B2A-5082-42BE-9376-A041EEED53EC}.Debug|Any CPU.ActiveCfg = Debug|Any CPU
		{E9795B2A-5082-42BE-9376-A041EEED53EC}.Debug|Mixed Platforms.ActiveCfg = Debug|x86
		{E9795B2A-5082-42BE-9376-A041EEED53EC}.Debug|Win32.ActiveCfg = Debug|x86
		{E9795B2A-5082-42BE-9376-A041EEED53EC}.Debug|x64.ActiveCfg = Debug|x64
		{E9795B2A-5082-42BE-9376-A041EEED53EC}.Debug|x64.Build.0 = Debug|x64
		{E9795B2A-5082-42BE-9376-A041EEED53EC}.Debug|x86.ActiveCfg = Debug|x86
		{E9795B2A-5082-42BE-9376-A041EEED53EC}.Release|Any CPU.ActiveCfg = Release|Any CPU
		{E9795B2A-5082-42BE-9376-A041EEED53EC}.Release|Mixed Platforms.ActiveCfg = Release|x86
		{E9795B2A-5082-42BE-9376-A041EEED53EC}.Release|Win32.ActiveCfg = Release|x64
		{E9795B2A-5082-42BE-9376-A041EEED53EC}.Release|x64.ActiveCfg = Release|x64
		{E9795B2A-5082-42BE-9376-A041EEED53EC}.Release|x64.Build.0 = Release|x64
		{E9795B2A-5082-42BE-9376-A041EEED53EC}.Release|x86.ActiveCfg = Release|x86
		{D3D21DEC-91C9-43F2-A583-301624FA0455}.Debug|Any CPU.ActiveCfg = Debug|Win32
		{D3D21DEC-91C9-43F2-A583-301624FA0455}.Debug|Mixed Platforms.ActiveCfg = Debug|Win32
		{D3D21DEC-91C9-43F2-A583-301624FA0455}.Debug|Mixed Platforms.Build.0 = Debug|Win32
		{D3D21DEC-91C9-43F2-A583-301624FA0455}.Debug|Win32.ActiveCfg = Debug|Win32
		{D3D21DEC-91C9-43F2-A583-301624FA0455}.Debug|x64.ActiveCfg = Debug|Win32
		{D3D21DEC-91C9-43F2-A583-301624FA0455}.Debug|x86.ActiveCfg = Release|Win32
		{D3D21DEC-91C9-43F2-A583-301624FA0455}.Release|Any CPU.ActiveCfg = Release|Win32
		{D3D21DEC-91C9-43F2-A583-301624FA0455}.Release|Any CPU.Build.0 = Release|Win32
		{D3D21DEC-91C9-43F2-A583-301624FA0455}.Release|Mixed Platforms.ActiveCfg = Release|Win32
		{D3D21DEC-91C9-43F2-A583-301624FA0455}.Release|Mixed Platforms.Build.0 = Release|Win32
		{D3D21DEC-91C9-43F2-A583-301624FA0455}.Release|Win32.ActiveCfg = Release|Win32
		{D3D21DEC-91C9-43F2-A583-301624FA0455}.Release|Win32.Build.0 = Release|Win32
		{D3D21DEC-91C9-43F2-A583-301624FA0455}.Release|x64.ActiveCfg = Release|Win32
		{D3D21DEC-91C9-43F2-A583-301624FA0455}.Release|x86.ActiveCfg = Release|Win32
		{D3D21DEC-91C9-43F2-A583-301624FA0455}.Release|x86.Build.0 = Release|Win32
		{137AF68B-CDF3-4639-BA62-4398927191CD}.Debug|Any CPU.ActiveCfg = Debug|x86
		{137AF68B-CDF3-4639-BA62-4398927191CD}.Debug|Any CPU.Build.0 = Debug|x86
		{137AF68B-CDF3-4639-BA62-4398927191CD}.Debug|Mixed Platforms.ActiveCfg = Debug|x86
		{137AF68B-CDF3-4639-BA62-4398927191CD}.Debug|Win32.ActiveCfg = Debug|x86
		{137AF68B-CDF3-4639-BA62-4398927191CD}.Debug|x64.ActiveCfg = Debug|x86
		{137AF68B-CDF3-4639-BA62-4398927191CD}.Debug|x86.ActiveCfg = Debug|x86
		{137AF68B-CDF3-4639-BA62-4398927191CD}.Release|Any CPU.ActiveCfg = Release|x86
		{137AF68B-CDF3-4639-BA62-4398927191CD}.Release|Mixed Platforms.ActiveCfg = Release|x86
		{137AF68B-CDF3-4639-BA62-4398927191CD}.Release|Win32.ActiveCfg = Release|x86
		{137AF68B-CDF3-4639-BA62-4398927191CD}.Release|x64.ActiveCfg = Release|x86
		{137AF68B-CDF3-4639-BA62-4398927191CD}.Release|x86.ActiveCfg = Release|x86
		{17436B02-E798-4A2D-BC1B-97B3D5A12B0E}.Debug|Any CPU.ActiveCfg = Debug|Any CPU
		{17436B02-E798-4A2D-BC1B-97B3D5A12B0E}.Debug|Mixed Platforms.ActiveCfg = Debug|x86
		{17436B02-E798-4A2D-BC1B-97B3D5A12B0E}.Debug|Win32.ActiveCfg = Debug|x86
		{17436B02-E798-4A2D-BC1B-97B3D5A12B0E}.Debug|x64.ActiveCfg = Debug|x86
		{17436B02-E798-4A2D-BC1B-97B3D5A12B0E}.Debug|x86.ActiveCfg = Debug|x86
		{17436B02-E798-4A2D-BC1B-97B3D5A12B0E}.Release|Any CPU.ActiveCfg = Release|x86
		{17436B02-E798-4A2D-BC1B-97B3D5A12B0E}.Release|Mixed Platforms.ActiveCfg = Release|x86
		{17436B02-E798-4A2D-BC1B-97B3D5A12B0E}.Release|Win32.ActiveCfg = Release|x86
		{17436B02-E798-4A2D-BC1B-97B3D5A12B0E}.Release|x64.ActiveCfg = Release|x86
		{17436B02-E798-4A2D-BC1B-97B3D5A12B0E}.Release|x86.ActiveCfg = Release|x86
		{DBCCF1ED-1425-4722-AF28-1F0620DCE19C}.Debug|Any CPU.ActiveCfg = Debug|Any CPU
		{DBCCF1ED-1425-4722-AF28-1F0620DCE19C}.Debug|Any CPU.Build.0 = Debug|Any CPU
		{DBCCF1ED-1425-4722-AF28-1F0620DCE19C}.Debug|Mixed Platforms.ActiveCfg = Debug|x86
		{DBCCF1ED-1425-4722-AF28-1F0620DCE19C}.Debug|Win32.ActiveCfg = Debug|x86
		{DBCCF1ED-1425-4722-AF28-1F0620DCE19C}.Debug|x64.ActiveCfg = Debug|x86
		{DBCCF1ED-1425-4722-AF28-1F0620DCE19C}.Debug|x86.ActiveCfg = Debug|x86
		{DBCCF1ED-1425-4722-AF28-1F0620DCE19C}.Debug|x86.Build.0 = Debug|x86
		{DBCCF1ED-1425-4722-AF28-1F0620DCE19C}.Release|Any CPU.ActiveCfg = Release|x86
		{DBCCF1ED-1425-4722-AF28-1F0620DCE19C}.Release|Mixed Platforms.ActiveCfg = Release|x86
		{DBCCF1ED-1425-4722-AF28-1F0620DCE19C}.Release|Win32.ActiveCfg = Release|x86
		{DBCCF1ED-1425-4722-AF28-1F0620DCE19C}.Release|x64.ActiveCfg = Release|x86
		{DBCCF1ED-1425-4722-AF28-1F0620DCE19C}.Release|x86.ActiveCfg = Release|x86
		{DBCCF1ED-1425-4722-AF28-1F0620DCE19C}.Release|x86.Build.0 = Release|x86
		{33EEBAB0-38DD-4968-ACA0-F6DAB2C6B3B6}.Debug|Any CPU.ActiveCfg = Debug|Any CPU
		{33EEBAB0-38DD-4968-ACA0-F6DAB2C6B3B6}.Debug|Any CPU.Build.0 = Debug|Any CPU
		{33EEBAB0-38DD-4968-ACA0-F6DAB2C6B3B6}.Debug|Mixed Platforms.ActiveCfg = Release|Any CPU
		{33EEBAB0-38DD-4968-ACA0-F6DAB2C6B3B6}.Debug|Mixed Platforms.Build.0 = Release|Any CPU
		{33EEBAB0-38DD-4968-ACA0-F6DAB2C6B3B6}.Debug|Win32.ActiveCfg = Debug|x86
		{33EEBAB0-38DD-4968-ACA0-F6DAB2C6B3B6}.Debug|x64.ActiveCfg = Debug|x86
		{33EEBAB0-38DD-4968-ACA0-F6DAB2C6B3B6}.Debug|x86.ActiveCfg = Debug|x86
		{33EEBAB0-38DD-4968-ACA0-F6DAB2C6B3B6}.Debug|x86.Build.0 = Debug|x86
		{33EEBAB0-38DD-4968-ACA0-F6DAB2C6B3B6}.Release|Any CPU.ActiveCfg = Release|Any CPU
		{33EEBAB0-38DD-4968-ACA0-F6DAB2C6B3B6}.Release|Mixed Platforms.ActiveCfg = Release|x86
		{33EEBAB0-38DD-4968-ACA0-F6DAB2C6B3B6}.Release|Mixed Platforms.Build.0 = Release|x86
		{33EEBAB0-38DD-4968-ACA0-F6DAB2C6B3B6}.Release|Win32.ActiveCfg = Release|x86
		{33EEBAB0-38DD-4968-ACA0-F6DAB2C6B3B6}.Release|x64.ActiveCfg = Release|x86
		{33EEBAB0-38DD-4968-ACA0-F6DAB2C6B3B6}.Release|x86.ActiveCfg = Release|x86
		{33EEBAB0-38DD-4968-ACA0-F6DAB2C6B3B6}.Release|x86.Build.0 = Release|x86
		{4CF79AA1-B66E-4F1C-82B2-FC9BFBAD77CA}.Debug|Any CPU.ActiveCfg = Debug|x86
		{4CF79AA1-B66E-4F1C-82B2-FC9BFBAD77CA}.Debug|Mixed Platforms.ActiveCfg = Debug|x86
		{4CF79AA1-B66E-4F1C-82B2-FC9BFBAD77CA}.Debug|Win32.ActiveCfg = Debug|x86
		{4CF79AA1-B66E-4F1C-82B2-FC9BFBAD77CA}.Debug|x64.ActiveCfg = Debug|x86
		{4CF79AA1-B66E-4F1C-82B2-FC9BFBAD77CA}.Debug|x86.ActiveCfg = Debug|x86
		{4CF79AA1-B66E-4F1C-82B2-FC9BFBAD77CA}.Debug|x86.Build.0 = Debug|x86
		{4CF79AA1-B66E-4F1C-82B2-FC9BFBAD77CA}.Release|Any CPU.ActiveCfg = Release|x86
		{4CF79AA1-B66E-4F1C-82B2-FC9BFBAD77CA}.Release|Mixed Platforms.ActiveCfg = Release|x86
		{4CF79AA1-B66E-4F1C-82B2-FC9BFBAD77CA}.Release|Mixed Platforms.Build.0 = Release|x86
		{4CF79AA1-B66E-4F1C-82B2-FC9BFBAD77CA}.Release|Win32.ActiveCfg = Release|x86
		{4CF79AA1-B66E-4F1C-82B2-FC9BFBAD77CA}.Release|x64.ActiveCfg = Release|x86
		{4CF79AA1-B66E-4F1C-82B2-FC9BFBAD77CA}.Release|x86.ActiveCfg = Release|x86
		{4CF79AA1-B66E-4F1C-82B2-FC9BFBAD77CA}.Release|x86.Build.0 = Release|x86
		{B8D1B045-78F7-4645-9754-5A1DF2B79439}.Debug|Any CPU.ActiveCfg = Debug|Any CPU
		{B8D1B045-78F7-4645-9754-5A1DF2B79439}.Debug|Any CPU.Build.0 = Debug|Any CPU
		{B8D1B045-78F7-4645-9754-5A1DF2B79439}.Debug|Mixed Platforms.ActiveCfg = Debug|Any CPU
		{B8D1B045-78F7-4645-9754-5A1DF2B79439}.Debug|Mixed Platforms.Build.0 = Debug|Any CPU
		{B8D1B045-78F7-4645-9754-5A1DF2B79439}.Debug|Win32.ActiveCfg = Debug|x86
		{B8D1B045-78F7-4645-9754-5A1DF2B79439}.Debug|x64.ActiveCfg = Debug|x86
		{B8D1B045-78F7-4645-9754-5A1DF2B79439}.Debug|x86.ActiveCfg = Debug|x86
		{B8D1B045-78F7-4645-9754-5A1DF2B79439}.Debug|x86.Build.0 = Debug|x86
		{B8D1B045-78F7-4645-9754-5A1DF2B79439}.Release|Any CPU.ActiveCfg = Release|Any CPU
		{B8D1B045-78F7-4645-9754-5A1DF2B79439}.Release|Any CPU.Build.0 = Release|Any CPU
		{B8D1B045-78F7-4645-9754-5A1DF2B79439}.Release|Mixed Platforms.ActiveCfg = Release|x86
		{B8D1B045-78F7-4645-9754-5A1DF2B79439}.Release|Mixed Platforms.Build.0 = Release|x86
		{B8D1B045-78F7-4645-9754-5A1DF2B79439}.Release|Win32.ActiveCfg = Release|x86
		{B8D1B045-78F7-4645-9754-5A1DF2B79439}.Release|x64.ActiveCfg = Release|x86
		{B8D1B045-78F7-4645-9754-5A1DF2B79439}.Release|x86.ActiveCfg = Release|x86
		{B8D1B045-78F7-4645-9754-5A1DF2B79439}.Release|x86.Build.0 = Release|x86
		{9970A936-EF9B-4923-85E3-92BD9EF23B22}.Debug|Any CPU.ActiveCfg = Debug|Any CPU
		{9970A936-EF9B-4923-85E3-92BD9EF23B22}.Debug|Any CPU.Build.0 = Debug|Any CPU
		{9970A936-EF9B-4923-85E3-92BD9EF23B22}.Debug|Mixed Platforms.ActiveCfg = Debug|Any CPU
		{9970A936-EF9B-4923-85E3-92BD9EF23B22}.Debug|Mixed Platforms.Build.0 = Debug|Any CPU
		{9970A936-EF9B-4923-85E3-92BD9EF23B22}.Debug|Win32.ActiveCfg = Debug|Any CPU
		{9970A936-EF9B-4923-85E3-92BD9EF23B22}.Debug|x64.ActiveCfg = Debug|Any CPU
		{9970A936-EF9B-4923-85E3-92BD9EF23B22}.Debug|x86.ActiveCfg = Debug|Any CPU
		{9970A936-EF9B-4923-85E3-92BD9EF23B22}.Release|Any CPU.ActiveCfg = Release|Any CPU
		{9970A936-EF9B-4923-85E3-92BD9EF23B22}.Release|Any CPU.Build.0 = Release|Any CPU
		{9970A936-EF9B-4923-85E3-92BD9EF23B22}.Release|Mixed Platforms.ActiveCfg = Release|Any CPU
		{9970A936-EF9B-4923-85E3-92BD9EF23B22}.Release|Mixed Platforms.Build.0 = Release|Any CPU
		{9970A936-EF9B-4923-85E3-92BD9EF23B22}.Release|Win32.ActiveCfg = Release|Any CPU
		{9970A936-EF9B-4923-85E3-92BD9EF23B22}.Release|x64.ActiveCfg = Release|Any CPU
		{9970A936-EF9B-4923-85E3-92BD9EF23B22}.Release|x86.ActiveCfg = Release|Any CPU
	EndGlobalSection
	GlobalSection(SolutionProperties) = preSolution
		HideSolutionNode = FALSE
	EndGlobalSection
	GlobalSection(NestedProjects) = preSolution
		{9BE4EC87-58B9-4B9F-8C27-4132BBD4A9B3} = {426FE9B9-11A0-4693-A699-FBCB7D0AD2E1}
		{38BB9B49-3218-4F10-8D45-79FF3746C7CD} = {426FE9B9-11A0-4693-A699-FBCB7D0AD2E1}
		{AC11645F-AFD3-4DDE-9E2F-E1F2FEB22A55} = {426FE9B9-11A0-4693-A699-FBCB7D0AD2E1}
		{9970A936-EF9B-4923-85E3-92BD9EF23B22} = {FA61527E-40F8-4E12-A80C-DDAECCBBE94A}
	EndGlobalSection
EndGlobal
