
Microsoft Visual Studio Solution File, Format Version 11.00
# Visual Studio 2010
Project("{2150E333-8FDC-42A3-9474-1A3956D46DE8}") = "resharper configurations", "resharper configurations", "{6D28A544-87F8-4726-A879-7BE1236B7F3B}"
	ProjectSection(SolutionItems) = preProject
		..\..\ESME WorkBench.5.0.ReSharper = ..\..\ESME WorkBench.5.0.ReSharper
	EndProjectSection
EndProject
Global
	GlobalSection(SubversionScc) = preSolution
		Svn-Managed = True
		Manager = AnkhSVN - Subversion Support for Visual Studio
	EndGlobalSection
	GlobalSection(SolutionProperties) = preSolution
		HideSolutionNode = FALSE
	EndGlobalSection
EndGlobal
