Microsoft Visual Studio Solution File, Format Version 11.00
# Visual Studio 2010
Project("{8BC9CEB8-8B4A-11D0-8D11-00A0C91BC942}") = "3MBSValidationCpp", "3MBSValidation\3MBSValidation.vcxproj", "{ABE8A5D1-43B8-4546-9EE5-2AC53B04DAC0}"
EndProject
Project("{8BC9CEB8-8B4A-11D0-8D11-00A0C91BC942}") = "3MBConsoleCpp", "3MBSConsoleCpp\3MBSc.vcxproj", "{74103254-9979-408B-8D8E-B506F0E35292}"
EndProject
Project("{8BC9CEB8-8B4A-11D0-8D11-00A0C91BC942}") = "3MB", "3MBSGuiCpp\3MBS.vcxproj", "{A9F9F9CD-BB9F-485E-B9BF-4E738CFC6089}"
EndProject
Project("{8BC9CEB8-8B4A-11D0-8D11-00A0C91BC942}") = "3MBSLibCpp", "3MBSLibCpp\3MBSLib.vcxproj", "{47D4ECEE-902A-4C10-BB5F-F02A6785D966}"
EndProject
Project("{8BC9CEB8-8B4A-11D0-8D11-00A0C91BC942}") = "3MBWrapperClass", "3MBSWrapperClass\3mbsClrInterface.vcxproj", "{748066FE-0DD9-4DD7-8EB8-C2B71E186A5F}"
EndProject
Project("{8BC9CEB8-8B4A-11D0-8D11-00A0C91BC942}") = "mbsTestJunkConsoleCpp", "mbsTestJunkConsoleCpp\cmdpromptJunk.vcxproj", "{890F3C66-D202-4461-9EAB-3ED90F2EEB94}"
EndProject
Project("{FAE04EC0-301F-11D3-BF4B-00C04F79EFBC}") = "3MBSLibCsharp", "3MBSLibCsharp\3MBSLibCsharp.csproj", "{3FEA9121-2D56-4E41-8B9C-D59656D6C46E}"
	ProjectSection(ProjectDependencies) = postProject
		{47D4ECEE-902A-4C10-BB5F-F02A6785D966} = {47D4ECEE-902A-4C10-BB5F-F02A6785D966}
	EndProjectSection
EndProject
Project("{FAE04EC0-301F-11D3-BF4B-00C04F79EFBC}") = "mbsTestJunkConsoleCsharp", "mbsTestJunkConsoleCsharp\mbsTestJunkConsoleCsharp.csproj", "{9481AF73-EE38-4D5F-BCFC-0079D6619F2C}"
	ProjectSection(ProjectDependencies) = postProject
		{3FEA9121-2D56-4E41-8B9C-D59656D6C46E} = {3FEA9121-2D56-4E41-8B9C-D59656D6C46E}
		{47D4ECEE-902A-4C10-BB5F-F02A6785D966} = {47D4ECEE-902A-4C10-BB5F-F02A6785D966}
		{748066FE-0DD9-4DD7-8EB8-C2B71E186A5F} = {748066FE-0DD9-4DD7-8EB8-C2B71E186A5F}
	EndProjectSection
EndProject
Project("{FAE04EC0-301F-11D3-BF4B-00C04F79EFBC}") = "3mbSpeciesBuilder", "MMMBS\3mbSpeciesBuilder.csproj", "{89EBF8EB-C38A-47C0-ABF7-60CB20722FBD}"
	ProjectSection(ProjectDependencies) = postProject
		{ABE8A5D1-43B8-4546-9EE5-2AC53B04DAC0} = {ABE8A5D1-43B8-4546-9EE5-2AC53B04DAC0}
		{47D4ECEE-902A-4C10-BB5F-F02A6785D966} = {47D4ECEE-902A-4C10-BB5F-F02A6785D966}
		{748066FE-0DD9-4DD7-8EB8-C2B71E186A5F} = {748066FE-0DD9-4DD7-8EB8-C2B71E186A5F}
	EndProjectSection
EndProject
Project("{8BC9CEB8-8B4A-11D0-8D11-00A0C91BC942}") = "BathyMaker", "BathyMaker\BathyMaker.vcxproj", "{0EE7DE18-B251-440C-B3DF-6470B6C6CD34}"
EndProject
Project("{8BC9CEB8-8B4A-11D0-8D11-00A0C91BC942}") = "3MBAutoTest", "3MBAutoTest\3MBAutoTest.vcxproj", "{F2E5DA5D-9427-4E22-BAE4-184FDFC53FC3}"
EndProject
Project("{FAE04EC0-301F-11D3-BF4B-00C04F79EFBC}") = "Demo3MB", "demoProjects\3MBDemo\Demo2\Demo3MB.csproj", "{096F2F32-7330-438F-9B60-AF5EA8440226}"
	ProjectSection(ProjectDependencies) = postProject
		{3FEA9121-2D56-4E41-8B9C-D59656D6C46E} = {3FEA9121-2D56-4E41-8B9C-D59656D6C46E}
		{A9F9F9CD-BB9F-485E-B9BF-4E738CFC6089} = {A9F9F9CD-BB9F-485E-B9BF-4E738CFC6089}
		{89EBF8EB-C38A-47C0-ABF7-60CB20722FBD} = {89EBF8EB-C38A-47C0-ABF7-60CB20722FBD}
		{47D4ECEE-902A-4C10-BB5F-F02A6785D966} = {47D4ECEE-902A-4C10-BB5F-F02A6785D966}
		{748066FE-0DD9-4DD7-8EB8-C2B71E186A5F} = {748066FE-0DD9-4DD7-8EB8-C2B71E186A5F}
	EndProjectSection
EndProject
Project("{FAE04EC0-301F-11D3-BF4B-00C04F79EFBC}") = "DemoESME", "demoProjects\ESMEDemo\ESMEDemo\DemoESME.csproj", "{68A44A36-7A7B-4638-A6D8-689165E57C30}"
	ProjectSection(ProjectDependencies) = postProject
		{3FEA9121-2D56-4E41-8B9C-D59656D6C46E} = {3FEA9121-2D56-4E41-8B9C-D59656D6C46E}
		{A9F9F9CD-BB9F-485E-B9BF-4E738CFC6089} = {A9F9F9CD-BB9F-485E-B9BF-4E738CFC6089}
		{89EBF8EB-C38A-47C0-ABF7-60CB20722FBD} = {89EBF8EB-C38A-47C0-ABF7-60CB20722FBD}
		{47D4ECEE-902A-4C10-BB5F-F02A6785D966} = {47D4ECEE-902A-4C10-BB5F-F02A6785D966}
		{748066FE-0DD9-4DD7-8EB8-C2B71E186A5F} = {748066FE-0DD9-4DD7-8EB8-C2B71E186A5F}
	EndProjectSection
EndProject
Project("{FAE04EC0-301F-11D3-BF4B-00C04F79EFBC}") = "3MBParallelTest", "ConsoleApplication1\3MBParallelTest.csproj", "{B59440A6-C3C7-4923-8FFC-4570BA461628}"
EndProject
Project("{FAE04EC0-301F-11D3-BF4B-00C04F79EFBC}") = "ESMECodeSnippit", "ESMECodeSnippit\ESMECodeSnippit.csproj", "{383B0B38-C1C9-43F6-97D2-B5BED225D6A4}"
EndProject
Global
	GlobalSection(SubversionScc) = preSolution
		Svn-Managed = True
		Manager = AnkhSVN - Subversion Support for Visual Studio
	EndGlobalSection
	GlobalSection(SolutionConfigurationPlatforms) = preSolution
		Debug|Any CPU = Debug|Any CPU
		Debug|Mixed Platforms = Debug|Mixed Platforms
		Debug|Win32 = Debug|Win32
		Debug|x64 = Debug|x64
		Debug|x86 = Debug|x86
		Release|Any CPU = Release|Any CPU
		Release|Mixed Platforms = Release|Mixed Platforms
		Release|Win32 = Release|Win32
		Release|x64 = Release|x64
		Release|x86 = Release|x86
	EndGlobalSection
	GlobalSection(ProjectConfigurationPlatforms) = postSolution
		{ABE8A5D1-43B8-4546-9EE5-2AC53B04DAC0}.Debug|Any CPU.ActiveCfg = Debug|Win32
		{ABE8A5D1-43B8-4546-9EE5-2AC53B04DAC0}.Debug|Mixed Platforms.ActiveCfg = Debug|Win32
		{ABE8A5D1-43B8-4546-9EE5-2AC53B04DAC0}.Debug|Mixed Platforms.Build.0 = Debug|Win32
		{ABE8A5D1-43B8-4546-9EE5-2AC53B04DAC0}.Debug|Win32.ActiveCfg = Debug|Win32
		{ABE8A5D1-43B8-4546-9EE5-2AC53B04DAC0}.Debug|Win32.Build.0 = Debug|Win32
		{ABE8A5D1-43B8-4546-9EE5-2AC53B04DAC0}.Debug|x64.ActiveCfg = Debug|Win32
		{ABE8A5D1-43B8-4546-9EE5-2AC53B04DAC0}.Debug|x86.ActiveCfg = Debug|Win32
		{ABE8A5D1-43B8-4546-9EE5-2AC53B04DAC0}.Release|Any CPU.ActiveCfg = Release|Win32
		{ABE8A5D1-43B8-4546-9EE5-2AC53B04DAC0}.Release|Mixed Platforms.ActiveCfg = Release|Win32
		{ABE8A5D1-43B8-4546-9EE5-2AC53B04DAC0}.Release|Mixed Platforms.Build.0 = Release|Win32
		{ABE8A5D1-43B8-4546-9EE5-2AC53B04DAC0}.Release|Win32.ActiveCfg = Release|Win32
		{ABE8A5D1-43B8-4546-9EE5-2AC53B04DAC0}.Release|Win32.Build.0 = Release|Win32
		{ABE8A5D1-43B8-4546-9EE5-2AC53B04DAC0}.Release|x64.ActiveCfg = Release|Win32
		{ABE8A5D1-43B8-4546-9EE5-2AC53B04DAC0}.Release|x86.ActiveCfg = Release|Win32
		{74103254-9979-408B-8D8E-B506F0E35292}.Debug|Any CPU.ActiveCfg = Debug|Win32
		{74103254-9979-408B-8D8E-B506F0E35292}.Debug|Mixed Platforms.ActiveCfg = Debug|Win32
		{74103254-9979-408B-8D8E-B506F0E35292}.Debug|Mixed Platforms.Build.0 = Debug|Win32
		{74103254-9979-408B-8D8E-B506F0E35292}.Debug|Win32.ActiveCfg = Debug|Win32
		{74103254-9979-408B-8D8E-B506F0E35292}.Debug|Win32.Build.0 = Debug|Win32
		{74103254-9979-408B-8D8E-B506F0E35292}.Debug|x64.ActiveCfg = Debug|Win32
		{74103254-9979-408B-8D8E-B506F0E35292}.Debug|x86.ActiveCfg = Debug|Win32
		{74103254-9979-408B-8D8E-B506F0E35292}.Release|Any CPU.ActiveCfg = Release|Win32
		{74103254-9979-408B-8D8E-B506F0E35292}.Release|Mixed Platforms.ActiveCfg = Release|Win32
		{74103254-9979-408B-8D8E-B506F0E35292}.Release|Mixed Platforms.Build.0 = Release|Win32
		{74103254-9979-408B-8D8E-B506F0E35292}.Release|Win32.ActiveCfg = Release|Win32
		{74103254-9979-408B-8D8E-B506F0E35292}.Release|Win32.Build.0 = Release|Win32
		{74103254-9979-408B-8D8E-B506F0E35292}.Release|x64.ActiveCfg = Release|Win32
		{74103254-9979-408B-8D8E-B506F0E35292}.Release|x86.ActiveCfg = Release|Win32
		{A9F9F9CD-BB9F-485E-B9BF-4E738CFC6089}.Debug|Any CPU.ActiveCfg = Debug|Win32
		{A9F9F9CD-BB9F-485E-B9BF-4E738CFC6089}.Debug|Mixed Platforms.ActiveCfg = Debug|Win32
		{A9F9F9CD-BB9F-485E-B9BF-4E738CFC6089}.Debug|Mixed Platforms.Build.0 = Debug|Win32
		{A9F9F9CD-BB9F-485E-B9BF-4E738CFC6089}.Debug|Win32.ActiveCfg = Debug|Win32
		{A9F9F9CD-BB9F-485E-B9BF-4E738CFC6089}.Debug|Win32.Build.0 = Debug|Win32
		{A9F9F9CD-BB9F-485E-B9BF-4E738CFC6089}.Debug|x64.ActiveCfg = Debug|Win32
		{A9F9F9CD-BB9F-485E-B9BF-4E738CFC6089}.Debug|x86.ActiveCfg = Debug|Win32
		{A9F9F9CD-BB9F-485E-B9BF-4E738CFC6089}.Release|Any CPU.ActiveCfg = Release|Win32
		{A9F9F9CD-BB9F-485E-B9BF-4E738CFC6089}.Release|Mixed Platforms.ActiveCfg = Release|Win32
		{A9F9F9CD-BB9F-485E-B9BF-4E738CFC6089}.Release|Mixed Platforms.Build.0 = Release|Win32
		{A9F9F9CD-BB9F-485E-B9BF-4E738CFC6089}.Release|Win32.ActiveCfg = Release|Win32
		{A9F9F9CD-BB9F-485E-B9BF-4E738CFC6089}.Release|Win32.Build.0 = Release|Win32
		{A9F9F9CD-BB9F-485E-B9BF-4E738CFC6089}.Release|x64.ActiveCfg = Release|Win32
		{A9F9F9CD-BB9F-485E-B9BF-4E738CFC6089}.Release|x86.ActiveCfg = Release|Win32
		{47D4ECEE-902A-4C10-BB5F-F02A6785D966}.Debug|Any CPU.ActiveCfg = Debug|Win32
		{47D4ECEE-902A-4C10-BB5F-F02A6785D966}.Debug|Mixed Platforms.ActiveCfg = Debug|Win32
		{47D4ECEE-902A-4C10-BB5F-F02A6785D966}.Debug|Mixed Platforms.Build.0 = Debug|Win32
		{47D4ECEE-902A-4C10-BB5F-F02A6785D966}.Debug|Win32.ActiveCfg = Debug|Win32
		{47D4ECEE-902A-4C10-BB5F-F02A6785D966}.Debug|Win32.Build.0 = Debug|Win32
		{47D4ECEE-902A-4C10-BB5F-F02A6785D966}.Debug|x64.ActiveCfg = Debug|Win32
		{47D4ECEE-902A-4C10-BB5F-F02A6785D966}.Debug|x86.ActiveCfg = Debug|Win32
		{47D4ECEE-902A-4C10-BB5F-F02A6785D966}.Release|Any CPU.ActiveCfg = Release|Win32
		{47D4ECEE-902A-4C10-BB5F-F02A6785D966}.Release|Mixed Platforms.ActiveCfg = Release|Win32
		{47D4ECEE-902A-4C10-BB5F-F02A6785D966}.Release|Mixed Platforms.Build.0 = Release|Win32
		{47D4ECEE-902A-4C10-BB5F-F02A6785D966}.Release|Win32.ActiveCfg = Release|Win32
		{47D4ECEE-902A-4C10-BB5F-F02A6785D966}.Release|Win32.Build.0 = Release|Win32
		{47D4ECEE-902A-4C10-BB5F-F02A6785D966}.Release|x64.ActiveCfg = Release|Win32
		{47D4ECEE-902A-4C10-BB5F-F02A6785D966}.Release|x86.ActiveCfg = Release|Win32
		{748066FE-0DD9-4DD7-8EB8-C2B71E186A5F}.Debug|Any CPU.ActiveCfg = Debug|Win32
		{748066FE-0DD9-4DD7-8EB8-C2B71E186A5F}.Debug|Mixed Platforms.ActiveCfg = Debug|Win32
		{748066FE-0DD9-4DD7-8EB8-C2B71E186A5F}.Debug|Mixed Platforms.Build.0 = Debug|Win32
		{748066FE-0DD9-4DD7-8EB8-C2B71E186A5F}.Debug|Win32.ActiveCfg = Debug|Win32
		{748066FE-0DD9-4DD7-8EB8-C2B71E186A5F}.Debug|Win32.Build.0 = Debug|Win32
		{748066FE-0DD9-4DD7-8EB8-C2B71E186A5F}.Debug|x64.ActiveCfg = Debug|Win32
		{748066FE-0DD9-4DD7-8EB8-C2B71E186A5F}.Debug|x86.ActiveCfg = Debug|Win32
		{748066FE-0DD9-4DD7-8EB8-C2B71E186A5F}.Release|Any CPU.ActiveCfg = Release|Win32
		{748066FE-0DD9-4DD7-8EB8-C2B71E186A5F}.Release|Mixed Platforms.ActiveCfg = Release|Win32
		{748066FE-0DD9-4DD7-8EB8-C2B71E186A5F}.Release|Mixed Platforms.Build.0 = Release|Win32
		{748066FE-0DD9-4DD7-8EB8-C2B71E186A5F}.Release|Win32.ActiveCfg = Release|Win32
		{748066FE-0DD9-4DD7-8EB8-C2B71E186A5F}.Release|Win32.Build.0 = Release|Win32
		{748066FE-0DD9-4DD7-8EB8-C2B71E186A5F}.Release|x64.ActiveCfg = Release|Win32
		{748066FE-0DD9-4DD7-8EB8-C2B71E186A5F}.Release|x86.ActiveCfg = Release|Win32
		{890F3C66-D202-4461-9EAB-3ED90F2EEB94}.Debug|Any CPU.ActiveCfg = Debug|Win32
		{890F3C66-D202-4461-9EAB-3ED90F2EEB94}.Debug|Mixed Platforms.ActiveCfg = Debug|Win32
		{890F3C66-D202-4461-9EAB-3ED90F2EEB94}.Debug|Mixed Platforms.Build.0 = Debug|Win32
		{890F3C66-D202-4461-9EAB-3ED90F2EEB94}.Debug|Win32.ActiveCfg = Debug|Win32
		{890F3C66-D202-4461-9EAB-3ED90F2EEB94}.Debug|Win32.Build.0 = Debug|Win32
		{890F3C66-D202-4461-9EAB-3ED90F2EEB94}.Debug|x64.ActiveCfg = Debug|Win32
		{890F3C66-D202-4461-9EAB-3ED90F2EEB94}.Debug|x86.ActiveCfg = Debug|Win32
		{890F3C66-D202-4461-9EAB-3ED90F2EEB94}.Release|Any CPU.ActiveCfg = Release|Win32
		{890F3C66-D202-4461-9EAB-3ED90F2EEB94}.Release|Mixed Platforms.ActiveCfg = Release|Win32
		{890F3C66-D202-4461-9EAB-3ED90F2EEB94}.Release|Mixed Platforms.Build.0 = Release|Win32
		{890F3C66-D202-4461-9EAB-3ED90F2EEB94}.Release|Win32.ActiveCfg = Release|Win32
		{890F3C66-D202-4461-9EAB-3ED90F2EEB94}.Release|Win32.Build.0 = Release|Win32
		{890F3C66-D202-4461-9EAB-3ED90F2EEB94}.Release|x64.ActiveCfg = Release|Win32
		{890F3C66-D202-4461-9EAB-3ED90F2EEB94}.Release|x86.ActiveCfg = Release|Win32
		{3FEA9121-2D56-4E41-8B9C-D59656D6C46E}.Debug|Any CPU.ActiveCfg = Debug|Any CPU
		{3FEA9121-2D56-4E41-8B9C-D59656D6C46E}.Debug|Any CPU.Build.0 = Debug|Any CPU
		{3FEA9121-2D56-4E41-8B9C-D59656D6C46E}.Debug|Mixed Platforms.ActiveCfg = Debug|x86
		{3FEA9121-2D56-4E41-8B9C-D59656D6C46E}.Debug|Mixed Platforms.Build.0 = Debug|x86
		{3FEA9121-2D56-4E41-8B9C-D59656D6C46E}.Debug|Win32.ActiveCfg = Debug|Any CPU
		{3FEA9121-2D56-4E41-8B9C-D59656D6C46E}.Debug|Win32.Build.0 = Debug|Any CPU
		{3FEA9121-2D56-4E41-8B9C-D59656D6C46E}.Debug|x64.ActiveCfg = Debug|x86
		{3FEA9121-2D56-4E41-8B9C-D59656D6C46E}.Debug|x86.ActiveCfg = Debug|x86
		{3FEA9121-2D56-4E41-8B9C-D59656D6C46E}.Debug|x86.Build.0 = Debug|x86
		{3FEA9121-2D56-4E41-8B9C-D59656D6C46E}.Release|Any CPU.ActiveCfg = Release|Any CPU
		{3FEA9121-2D56-4E41-8B9C-D59656D6C46E}.Release|Any CPU.Build.0 = Release|Any CPU
		{3FEA9121-2D56-4E41-8B9C-D59656D6C46E}.Release|Mixed Platforms.ActiveCfg = Release|x86
		{3FEA9121-2D56-4E41-8B9C-D59656D6C46E}.Release|Mixed Platforms.Build.0 = Release|x86
		{3FEA9121-2D56-4E41-8B9C-D59656D6C46E}.Release|Win32.ActiveCfg = Release|Any CPU
		{3FEA9121-2D56-4E41-8B9C-D59656D6C46E}.Release|x64.ActiveCfg = Release|x86
		{3FEA9121-2D56-4E41-8B9C-D59656D6C46E}.Release|x86.ActiveCfg = Release|x86
		{3FEA9121-2D56-4E41-8B9C-D59656D6C46E}.Release|x86.Build.0 = Release|x86
		{9481AF73-EE38-4D5F-BCFC-0079D6619F2C}.Debug|Any CPU.ActiveCfg = Debug|Any CPU
		{9481AF73-EE38-4D5F-BCFC-0079D6619F2C}.Debug|Any CPU.Build.0 = Debug|Any CPU
		{9481AF73-EE38-4D5F-BCFC-0079D6619F2C}.Debug|Mixed Platforms.ActiveCfg = Debug|x86
		{9481AF73-EE38-4D5F-BCFC-0079D6619F2C}.Debug|Mixed Platforms.Build.0 = Debug|x86
		{9481AF73-EE38-4D5F-BCFC-0079D6619F2C}.Debug|Win32.ActiveCfg = Debug|Any CPU
		{9481AF73-EE38-4D5F-BCFC-0079D6619F2C}.Debug|Win32.Build.0 = Debug|Any CPU
		{9481AF73-EE38-4D5F-BCFC-0079D6619F2C}.Debug|x64.ActiveCfg = Debug|x86
		{9481AF73-EE38-4D5F-BCFC-0079D6619F2C}.Debug|x86.ActiveCfg = Debug|x86
		{9481AF73-EE38-4D5F-BCFC-0079D6619F2C}.Debug|x86.Build.0 = Debug|x86
		{9481AF73-EE38-4D5F-BCFC-0079D6619F2C}.Release|Any CPU.ActiveCfg = Release|Any CPU
		{9481AF73-EE38-4D5F-BCFC-0079D6619F2C}.Release|Any CPU.Build.0 = Release|Any CPU
		{9481AF73-EE38-4D5F-BCFC-0079D6619F2C}.Release|Mixed Platforms.ActiveCfg = Release|x86
		{9481AF73-EE38-4D5F-BCFC-0079D6619F2C}.Release|Mixed Platforms.Build.0 = Release|x86
		{9481AF73-EE38-4D5F-BCFC-0079D6619F2C}.Release|Win32.ActiveCfg = Release|Any CPU
		{9481AF73-EE38-4D5F-BCFC-0079D6619F2C}.Release|x64.ActiveCfg = Release|x86
		{9481AF73-EE38-4D5F-BCFC-0079D6619F2C}.Release|x86.ActiveCfg = Release|x86
		{9481AF73-EE38-4D5F-BCFC-0079D6619F2C}.Release|x86.Build.0 = Release|x86
		{89EBF8EB-C38A-47C0-ABF7-60CB20722FBD}.Debug|Any CPU.ActiveCfg = Debug|Any CPU
		{89EBF8EB-C38A-47C0-ABF7-60CB20722FBD}.Debug|Any CPU.Build.0 = Debug|Any CPU
		{89EBF8EB-C38A-47C0-ABF7-60CB20722FBD}.Debug|Mixed Platforms.ActiveCfg = Debug|x86
		{89EBF8EB-C38A-47C0-ABF7-60CB20722FBD}.Debug|Mixed Platforms.Build.0 = Debug|x86
		{89EBF8EB-C38A-47C0-ABF7-60CB20722FBD}.Debug|Win32.ActiveCfg = Debug|Any CPU
		{89EBF8EB-C38A-47C0-ABF7-60CB20722FBD}.Debug|Win32.Build.0 = Debug|Any CPU
		{89EBF8EB-C38A-47C0-ABF7-60CB20722FBD}.Debug|x64.ActiveCfg = Debug|x86
		{89EBF8EB-C38A-47C0-ABF7-60CB20722FBD}.Debug|x86.ActiveCfg = Debug|x86
		{89EBF8EB-C38A-47C0-ABF7-60CB20722FBD}.Debug|x86.Build.0 = Debug|x86
		{89EBF8EB-C38A-47C0-ABF7-60CB20722FBD}.Release|Any CPU.ActiveCfg = Release|Any CPU
		{89EBF8EB-C38A-47C0-ABF7-60CB20722FBD}.Release|Any CPU.Build.0 = Release|Any CPU
		{89EBF8EB-C38A-47C0-ABF7-60CB20722FBD}.Release|Mixed Platforms.ActiveCfg = Release|x86
		{89EBF8EB-C38A-47C0-ABF7-60CB20722FBD}.Release|Mixed Platforms.Build.0 = Release|x86
		{89EBF8EB-C38A-47C0-ABF7-60CB20722FBD}.Release|Win32.ActiveCfg = Release|Any CPU
		{89EBF8EB-C38A-47C0-ABF7-60CB20722FBD}.Release|x64.ActiveCfg = Release|x86
		{89EBF8EB-C38A-47C0-ABF7-60CB20722FBD}.Release|x86.ActiveCfg = Release|x86
		{89EBF8EB-C38A-47C0-ABF7-60CB20722FBD}.Release|x86.Build.0 = Release|x86
		{0EE7DE18-B251-440C-B3DF-6470B6C6CD34}.Debug|Any CPU.ActiveCfg = Debug|Win32
		{0EE7DE18-B251-440C-B3DF-6470B6C6CD34}.Debug|Mixed Platforms.ActiveCfg = Debug|Win32
		{0EE7DE18-B251-440C-B3DF-6470B6C6CD34}.Debug|Mixed Platforms.Build.0 = Debug|Win32
		{0EE7DE18-B251-440C-B3DF-6470B6C6CD34}.Debug|Win32.ActiveCfg = Debug|Win32
		{0EE7DE18-B251-440C-B3DF-6470B6C6CD34}.Debug|Win32.Build.0 = Debug|Win32
		{0EE7DE18-B251-440C-B3DF-6470B6C6CD34}.Debug|x64.ActiveCfg = Debug|Win32
		{0EE7DE18-B251-440C-B3DF-6470B6C6CD34}.Debug|x86.ActiveCfg = Debug|Win32
		{0EE7DE18-B251-440C-B3DF-6470B6C6CD34}.Release|Any CPU.ActiveCfg = Release|Win32
		{0EE7DE18-B251-440C-B3DF-6470B6C6CD34}.Release|Mixed Platforms.ActiveCfg = Release|Win32
		{0EE7DE18-B251-440C-B3DF-6470B6C6CD34}.Release|Mixed Platforms.Build.0 = Release|Win32
		{0EE7DE18-B251-440C-B3DF-6470B6C6CD34}.Release|Win32.ActiveCfg = Release|Win32
		{0EE7DE18-B251-440C-B3DF-6470B6C6CD34}.Release|Win32.Build.0 = Release|Win32
		{0EE7DE18-B251-440C-B3DF-6470B6C6CD34}.Release|x64.ActiveCfg = Release|Win32
		{0EE7DE18-B251-440C-B3DF-6470B6C6CD34}.Release|x86.ActiveCfg = Release|Win32
		{F2E5DA5D-9427-4E22-BAE4-184FDFC53FC3}.Debug|Any CPU.ActiveCfg = Debug|Win32
		{F2E5DA5D-9427-4E22-BAE4-184FDFC53FC3}.Debug|Mixed Platforms.ActiveCfg = Debug|Win32
		{F2E5DA5D-9427-4E22-BAE4-184FDFC53FC3}.Debug|Mixed Platforms.Build.0 = Debug|Win32
		{F2E5DA5D-9427-4E22-BAE4-184FDFC53FC3}.Debug|Win32.ActiveCfg = Debug|Win32
		{F2E5DA5D-9427-4E22-BAE4-184FDFC53FC3}.Debug|Win32.Build.0 = Debug|Win32
		{F2E5DA5D-9427-4E22-BAE4-184FDFC53FC3}.Debug|x64.ActiveCfg = Debug|Win32
		{F2E5DA5D-9427-4E22-BAE4-184FDFC53FC3}.Debug|x86.ActiveCfg = Debug|Win32
		{F2E5DA5D-9427-4E22-BAE4-184FDFC53FC3}.Release|Any CPU.ActiveCfg = Release|Win32
		{F2E5DA5D-9427-4E22-BAE4-184FDFC53FC3}.Release|Mixed Platforms.ActiveCfg = Release|Win32
		{F2E5DA5D-9427-4E22-BAE4-184FDFC53FC3}.Release|Mixed Platforms.Build.0 = Release|Win32
		{F2E5DA5D-9427-4E22-BAE4-184FDFC53FC3}.Release|Win32.ActiveCfg = Release|Win32
		{F2E5DA5D-9427-4E22-BAE4-184FDFC53FC3}.Release|Win32.Build.0 = Release|Win32
		{F2E5DA5D-9427-4E22-BAE4-184FDFC53FC3}.Release|x64.ActiveCfg = Release|Win32
		{F2E5DA5D-9427-4E22-BAE4-184FDFC53FC3}.Release|x86.ActiveCfg = Release|Win32
		{096F2F32-7330-438F-9B60-AF5EA8440226}.Debug|Any CPU.ActiveCfg = Debug|Any CPU
		{096F2F32-7330-438F-9B60-AF5EA8440226}.Debug|Any CPU.Build.0 = Debug|Any CPU
		{096F2F32-7330-438F-9B60-AF5EA8440226}.Debug|Mixed Platforms.ActiveCfg = Debug|x86
		{096F2F32-7330-438F-9B60-AF5EA8440226}.Debug|Mixed Platforms.Build.0 = Debug|x86
		{096F2F32-7330-438F-9B60-AF5EA8440226}.Debug|Win32.ActiveCfg = Debug|x86
		{096F2F32-7330-438F-9B60-AF5EA8440226}.Debug|x64.ActiveCfg = Debug|x64
		{096F2F32-7330-438F-9B60-AF5EA8440226}.Debug|x64.Build.0 = Debug|x64
		{096F2F32-7330-438F-9B60-AF5EA8440226}.Debug|x86.ActiveCfg = Debug|x86
		{096F2F32-7330-438F-9B60-AF5EA8440226}.Debug|x86.Build.0 = Debug|x86
		{096F2F32-7330-438F-9B60-AF5EA8440226}.Release|Any CPU.ActiveCfg = Release|Any CPU
		{096F2F32-7330-438F-9B60-AF5EA8440226}.Release|Any CPU.Build.0 = Release|Any CPU
		{096F2F32-7330-438F-9B60-AF5EA8440226}.Release|Mixed Platforms.ActiveCfg = Release|x86
		{096F2F32-7330-438F-9B60-AF5EA8440226}.Release|Mixed Platforms.Build.0 = Release|x86
		{096F2F32-7330-438F-9B60-AF5EA8440226}.Release|Win32.ActiveCfg = Release|x86
		{096F2F32-7330-438F-9B60-AF5EA8440226}.Release|x64.ActiveCfg = Release|x64
		{096F2F32-7330-438F-9B60-AF5EA8440226}.Release|x64.Build.0 = Release|x64
		{096F2F32-7330-438F-9B60-AF5EA8440226}.Release|x86.ActiveCfg = Release|x86
		{096F2F32-7330-438F-9B60-AF5EA8440226}.Release|x86.Build.0 = Release|x86
		{68A44A36-7A7B-4638-A6D8-689165E57C30}.Debug|Any CPU.ActiveCfg = Debug|Any CPU
		{68A44A36-7A7B-4638-A6D8-689165E57C30}.Debug|Any CPU.Build.0 = Debug|Any CPU
		{68A44A36-7A7B-4638-A6D8-689165E57C30}.Debug|Mixed Platforms.ActiveCfg = Debug|x86
		{68A44A36-7A7B-4638-A6D8-689165E57C30}.Debug|Mixed Platforms.Build.0 = Debug|x86
		{68A44A36-7A7B-4638-A6D8-689165E57C30}.Debug|Win32.ActiveCfg = Debug|x86
		{68A44A36-7A7B-4638-A6D8-689165E57C30}.Debug|x64.ActiveCfg = Debug|x64
		{68A44A36-7A7B-4638-A6D8-689165E57C30}.Debug|x64.Build.0 = Debug|x64
		{68A44A36-7A7B-4638-A6D8-689165E57C30}.Debug|x86.ActiveCfg = Debug|x86
		{68A44A36-7A7B-4638-A6D8-689165E57C30}.Debug|x86.Build.0 = Debug|x86
		{68A44A36-7A7B-4638-A6D8-689165E57C30}.Release|Any CPU.ActiveCfg = Release|Any CPU
		{68A44A36-7A7B-4638-A6D8-689165E57C30}.Release|Any CPU.Build.0 = Release|Any CPU
		{68A44A36-7A7B-4638-A6D8-689165E57C30}.Release|Mixed Platforms.ActiveCfg = Release|x86
		{68A44A36-7A7B-4638-A6D8-689165E57C30}.Release|Mixed Platforms.Build.0 = Release|x86
		{68A44A36-7A7B-4638-A6D8-689165E57C30}.Release|Win32.ActiveCfg = Release|x86
		{68A44A36-7A7B-4638-A6D8-689165E57C30}.Release|x64.ActiveCfg = Release|x64
		{68A44A36-7A7B-4638-A6D8-689165E57C30}.Release|x64.Build.0 = Release|x64
		{68A44A36-7A7B-4638-A6D8-689165E57C30}.Release|x86.ActiveCfg = Release|x86
		{68A44A36-7A7B-4638-A6D8-689165E57C30}.Release|x86.Build.0 = Release|x86
		{B59440A6-C3C7-4923-8FFC-4570BA461628}.Debug|Any CPU.ActiveCfg = Debug|x86
		{B59440A6-C3C7-4923-8FFC-4570BA461628}.Debug|Mixed Platforms.ActiveCfg = Debug|x86
		{B59440A6-C3C7-4923-8FFC-4570BA461628}.Debug|Mixed Platforms.Build.0 = Debug|x86
		{B59440A6-C3C7-4923-8FFC-4570BA461628}.Debug|Win32.ActiveCfg = Debug|x86
		{B59440A6-C3C7-4923-8FFC-4570BA461628}.Debug|x64.ActiveCfg = Debug|x86
		{B59440A6-C3C7-4923-8FFC-4570BA461628}.Debug|x86.ActiveCfg = Debug|x86
		{B59440A6-C3C7-4923-8FFC-4570BA461628}.Debug|x86.Build.0 = Debug|x86
		{B59440A6-C3C7-4923-8FFC-4570BA461628}.Release|Any CPU.ActiveCfg = Release|x86
		{B59440A6-C3C7-4923-8FFC-4570BA461628}.Release|Mixed Platforms.ActiveCfg = Release|x86
		{B59440A6-C3C7-4923-8FFC-4570BA461628}.Release|Mixed Platforms.Build.0 = Release|x86
		{B59440A6-C3C7-4923-8FFC-4570BA461628}.Release|Win32.ActiveCfg = Release|x86
		{B59440A6-C3C7-4923-8FFC-4570BA461628}.Release|x64.ActiveCfg = Release|x86
		{B59440A6-C3C7-4923-8FFC-4570BA461628}.Release|x86.ActiveCfg = Release|x86
		{B59440A6-C3C7-4923-8FFC-4570BA461628}.Release|x86.Build.0 = Release|x86
		{383B0B38-C1C9-43F6-97D2-B5BED225D6A4}.Debug|Any CPU.ActiveCfg = Debug|x86
		{383B0B38-C1C9-43F6-97D2-B5BED225D6A4}.Debug|Mixed Platforms.ActiveCfg = Debug|x86
		{383B0B38-C1C9-43F6-97D2-B5BED225D6A4}.Debug|Mixed Platforms.Build.0 = Debug|x86
		{383B0B38-C1C9-43F6-97D2-B5BED225D6A4}.Debug|Win32.ActiveCfg = Debug|x86
		{383B0B38-C1C9-43F6-97D2-B5BED225D6A4}.Debug|x64.ActiveCfg = Debug|x86
		{383B0B38-C1C9-43F6-97D2-B5BED225D6A4}.Debug|x86.ActiveCfg = Debug|x86
		{383B0B38-C1C9-43F6-97D2-B5BED225D6A4}.Debug|x86.Build.0 = Debug|x86
		{383B0B38-C1C9-43F6-97D2-B5BED225D6A4}.Release|Any CPU.ActiveCfg = Release|x86
		{383B0B38-C1C9-43F6-97D2-B5BED225D6A4}.Release|Mixed Platforms.ActiveCfg = Release|x86
		{383B0B38-C1C9-43F6-97D2-B5BED225D6A4}.Release|Mixed Platforms.Build.0 = Release|x86
		{383B0B38-C1C9-43F6-97D2-B5BED225D6A4}.Release|Win32.ActiveCfg = Release|x86
		{383B0B38-C1C9-43F6-97D2-B5BED225D6A4}.Release|x64.ActiveCfg = Release|x86
		{383B0B38-C1C9-43F6-97D2-B5BED225D6A4}.Release|x86.ActiveCfg = Release|x86
		{383B0B38-C1C9-43F6-97D2-B5BED225D6A4}.Release|x86.Build.0 = Release|x86
	EndGlobalSection
	GlobalSection(SolutionProperties) = preSolution
		HideSolutionNode = FALSE
	EndGlobalSection
EndGlobal
