
Microsoft Visual Studio Solution File, Format Version 11.00
# Visual Studio 2010
Project("{930C7802-8A8C-48F9-8165-68863BCCD9DD}") = "BST_2.0", "..\..\Installers\Installable NAVO Databases\BST_2.0\BST_2.0.wixproj", "{3A89EB48-3E51-48D9-83C6-5B09CBF8D90E}"
EndProject
Project("{930C7802-8A8C-48F9-8165-68863BCCD9DD}") = "DBDB-V_5.4", "..\..\Installers\Installable NAVO Databases\DBDB-V_5.4\DBDB-V_5.4.wixproj", "{BB748504-D401-4415-9F4B-A0A4AAE27791}"
EndProject
Project("{930C7802-8A8C-48F9-8165-68863BCCD9DD}") = "GDEM-V_3.0", "..\..\Installers\Installable NAVO Databases\GDEM-V_3.0\GDEM-V_3.0.wixproj", "{DD9116C2-7823-4687-80C6-D229641C613D}"
EndProject
Project("{930C7802-8A8C-48F9-8165-68863BCCD9DD}") = "SMGC_2.0_Full", "..\..\Installers\Installable NAVO Databases\SMGC_2.0_Full\SMGC_2.0_Full.wixproj", "{0BAD8C1B-AA80-466F-8CBE-78381761EDD5}"
EndProject
Project("{930C7802-8A8C-48F9-8165-68863BCCD9DD}") = "SMGC_2.0_Minimal", "..\..\Installers\Installable NAVO Databases\SMGC_2.0_Minimal\SMGC_2.0_Minimal.wixproj", "{96313F30-2679-49F9-ADA7-2D486D6EBFF9}"
EndProject
Project("{2150E333-8FDC-42A3-9474-1A3956D46DE8}") = "Database Installers", "Database Installers", "{D89A73D8-A968-40F3-85D5-629C62C1A3EB}"
EndProject
Global
	GlobalSection(SubversionScc) = preSolution
		Svn-Managed = True
		Manager = AnkhSVN - Subversion Support for Visual Studio
	EndGlobalSection
	GlobalSection(SolutionConfigurationPlatforms) = preSolution
		Debug|Any CPU = Debug|Any CPU
		Debug|Mixed Platforms = Debug|Mixed Platforms
		Debug|x64 = Debug|x64
		Debug|x86 = Debug|x86
		Plugins-only Debug (x64)|Any CPU = Plugins-only Debug (x64)|Any CPU
		Plugins-only Debug (x64)|Mixed Platforms = Plugins-only Debug (x64)|Mixed Platforms
		Plugins-only Debug (x64)|x64 = Plugins-only Debug (x64)|x64
		Plugins-only Debug (x64)|x86 = Plugins-only Debug (x64)|x86
		Plugins-only Release (x64)|Any CPU = Plugins-only Release (x64)|Any CPU
		Plugins-only Release (x64)|Mixed Platforms = Plugins-only Release (x64)|Mixed Platforms
		Plugins-only Release (x64)|x64 = Plugins-only Release (x64)|x64
		Plugins-only Release (x64)|x86 = Plugins-only Release (x64)|x86
		Release (x64)|Any CPU = Release (x64)|Any CPU
		Release (x64)|Mixed Platforms = Release (x64)|Mixed Platforms
		Release (x64)|x64 = Release (x64)|x64
		Release (x64)|x86 = Release (x64)|x86
		Release|Any CPU = Release|Any CPU
		Release|Mixed Platforms = Release|Mixed Platforms
		Release|x64 = Release|x64
		Release|x86 = Release|x86
	EndGlobalSection
	GlobalSection(ProjectConfigurationPlatforms) = postSolution
		{3A89EB48-3E51-48D9-83C6-5B09CBF8D90E}.Debug|Any CPU.ActiveCfg = Debug|x86
		{3A89EB48-3E51-48D9-83C6-5B09CBF8D90E}.Debug|Mixed Platforms.ActiveCfg = Debug|x86
		{3A89EB48-3E51-48D9-83C6-5B09CBF8D90E}.Debug|Mixed Platforms.Build.0 = Debug|x86
		{3A89EB48-3E51-48D9-83C6-5B09CBF8D90E}.Debug|x64.ActiveCfg = Debug|x86
		{3A89EB48-3E51-48D9-83C6-5B09CBF8D90E}.Debug|x86.ActiveCfg = Debug|x86
		{3A89EB48-3E51-48D9-83C6-5B09CBF8D90E}.Debug|x86.Build.0 = Debug|x86
		{3A89EB48-3E51-48D9-83C6-5B09CBF8D90E}.Plugins-only Debug (x64)|Any CPU.ActiveCfg = Debug|x86
		{3A89EB48-3E51-48D9-83C6-5B09CBF8D90E}.Plugins-only Debug (x64)|Mixed Platforms.ActiveCfg = Debug|x86
		{3A89EB48-3E51-48D9-83C6-5B09CBF8D90E}.Plugins-only Debug (x64)|Mixed Platforms.Build.0 = Debug|x86
		{3A89EB48-3E51-48D9-83C6-5B09CBF8D90E}.Plugins-only Debug (x64)|x64.ActiveCfg = Debug|x86
		{3A89EB48-3E51-48D9-83C6-5B09CBF8D90E}.Plugins-only Debug (x64)|x86.ActiveCfg = Debug|x86
		{3A89EB48-3E51-48D9-83C6-5B09CBF8D90E}.Plugins-only Debug (x64)|x86.Build.0 = Debug|x86
		{3A89EB48-3E51-48D9-83C6-5B09CBF8D90E}.Plugins-only Release (x64)|Any CPU.ActiveCfg = Release|x86
		{3A89EB48-3E51-48D9-83C6-5B09CBF8D90E}.Plugins-only Release (x64)|Mixed Platforms.ActiveCfg = Release|x86
		{3A89EB48-3E51-48D9-83C6-5B09CBF8D90E}.Plugins-only Release (x64)|Mixed Platforms.Build.0 = Release|x86
		{3A89EB48-3E51-48D9-83C6-5B09CBF8D90E}.Plugins-only Release (x64)|x64.ActiveCfg = Release|x86
		{3A89EB48-3E51-48D9-83C6-5B09CBF8D90E}.Plugins-only Release (x64)|x86.ActiveCfg = Release|x86
		{3A89EB48-3E51-48D9-83C6-5B09CBF8D90E}.Plugins-only Release (x64)|x86.Build.0 = Release|x86
		{3A89EB48-3E51-48D9-83C6-5B09CBF8D90E}.Release (x64)|Any CPU.ActiveCfg = Release|x86
		{3A89EB48-3E51-48D9-83C6-5B09CBF8D90E}.Release (x64)|Mixed Platforms.ActiveCfg = Release|x86
		{3A89EB48-3E51-48D9-83C6-5B09CBF8D90E}.Release (x64)|Mixed Platforms.Build.0 = Release|x86
		{3A89EB48-3E51-48D9-83C6-5B09CBF8D90E}.Release (x64)|x64.ActiveCfg = Release|x86
		{3A89EB48-3E51-48D9-83C6-5B09CBF8D90E}.Release (x64)|x86.ActiveCfg = Release|x86
		{3A89EB48-3E51-48D9-83C6-5B09CBF8D90E}.Release (x64)|x86.Build.0 = Release|x86
		{3A89EB48-3E51-48D9-83C6-5B09CBF8D90E}.Release|Any CPU.ActiveCfg = Release|x86
		{3A89EB48-3E51-48D9-83C6-5B09CBF8D90E}.Release|Any CPU.Build.0 = Release|x86
		{3A89EB48-3E51-48D9-83C6-5B09CBF8D90E}.Release|Mixed Platforms.ActiveCfg = Release|x86
		{3A89EB48-3E51-48D9-83C6-5B09CBF8D90E}.Release|Mixed Platforms.Build.0 = Release|x86
		{3A89EB48-3E51-48D9-83C6-5B09CBF8D90E}.Release|x64.ActiveCfg = Release|x86
		{3A89EB48-3E51-48D9-83C6-5B09CBF8D90E}.Release|x86.ActiveCfg = Release|x86
		{3A89EB48-3E51-48D9-83C6-5B09CBF8D90E}.Release|x86.Build.0 = Release|x86
		{BB748504-D401-4415-9F4B-A0A4AAE27791}.Debug|Any CPU.ActiveCfg = Debug|x86
		{BB748504-D401-4415-9F4B-A0A4AAE27791}.Debug|Mixed Platforms.ActiveCfg = Debug|x86
		{BB748504-D401-4415-9F4B-A0A4AAE27791}.Debug|Mixed Platforms.Build.0 = Debug|x86
		{BB748504-D401-4415-9F4B-A0A4AAE27791}.Debug|x64.ActiveCfg = Debug|x86
		{BB748504-D401-4415-9F4B-A0A4AAE27791}.Debug|x86.ActiveCfg = Debug|x86
		{BB748504-D401-4415-9F4B-A0A4AAE27791}.Debug|x86.Build.0 = Debug|x86
		{BB748504-D401-4415-9F4B-A0A4AAE27791}.Plugins-only Debug (x64)|Any CPU.ActiveCfg = Debug|x86
		{BB748504-D401-4415-9F4B-A0A4AAE27791}.Plugins-only Debug (x64)|Mixed Platforms.ActiveCfg = Debug|x86
		{BB748504-D401-4415-9F4B-A0A4AAE27791}.Plugins-only Debug (x64)|Mixed Platforms.Build.0 = Debug|x86
		{BB748504-D401-4415-9F4B-A0A4AAE27791}.Plugins-only Debug (x64)|x64.ActiveCfg = Debug|x86
		{BB748504-D401-4415-9F4B-A0A4AAE27791}.Plugins-only Debug (x64)|x86.ActiveCfg = Debug|x86
		{BB748504-D401-4415-9F4B-A0A4AAE27791}.Plugins-only Debug (x64)|x86.Build.0 = Debug|x86
		{BB748504-D401-4415-9F4B-A0A4AAE27791}.Plugins-only Release (x64)|Any CPU.ActiveCfg = Release|x86
		{BB748504-D401-4415-9F4B-A0A4AAE27791}.Plugins-only Release (x64)|Mixed Platforms.ActiveCfg = Release|x86
		{BB748504-D401-4415-9F4B-A0A4AAE27791}.Plugins-only Release (x64)|Mixed Platforms.Build.0 = Release|x86
		{BB748504-D401-4415-9F4B-A0A4AAE27791}.Plugins-only Release (x64)|x64.ActiveCfg = Release|x86
		{BB748504-D401-4415-9F4B-A0A4AAE27791}.Plugins-only Release (x64)|x86.ActiveCfg = Release|x86
		{BB748504-D401-4415-9F4B-A0A4AAE27791}.Plugins-only Release (x64)|x86.Build.0 = Release|x86
		{BB748504-D401-4415-9F4B-A0A4AAE27791}.Release (x64)|Any CPU.ActiveCfg = Release|x86
		{BB748504-D401-4415-9F4B-A0A4AAE27791}.Release (x64)|Mixed Platforms.ActiveCfg = Release|x86
		{BB748504-D401-4415-9F4B-A0A4AAE27791}.Release (x64)|Mixed Platforms.Build.0 = Release|x86
		{BB748504-D401-4415-9F4B-A0A4AAE27791}.Release (x64)|x64.ActiveCfg = Release|x86
		{BB748504-D401-4415-9F4B-A0A4AAE27791}.Release (x64)|x86.ActiveCfg = Release|x86
		{BB748504-D401-4415-9F4B-A0A4AAE27791}.Release (x64)|x86.Build.0 = Release|x86
		{BB748504-D401-4415-9F4B-A0A4AAE27791}.Release|Any CPU.ActiveCfg = Release|x86
		{BB748504-D401-4415-9F4B-A0A4AAE27791}.Release|Any CPU.Build.0 = Release|x86
		{BB748504-D401-4415-9F4B-A0A4AAE27791}.Release|Mixed Platforms.ActiveCfg = Release|x86
		{BB748504-D401-4415-9F4B-A0A4AAE27791}.Release|Mixed Platforms.Build.0 = Release|x86
		{BB748504-D401-4415-9F4B-A0A4AAE27791}.Release|x64.ActiveCfg = Release|x86
		{BB748504-D401-4415-9F4B-A0A4AAE27791}.Release|x86.ActiveCfg = Release|x86
		{BB748504-D401-4415-9F4B-A0A4AAE27791}.Release|x86.Build.0 = Release|x86
		{DD9116C2-7823-4687-80C6-D229641C613D}.Debug|Any CPU.ActiveCfg = Debug|x86
		{DD9116C2-7823-4687-80C6-D229641C613D}.Debug|Mixed Platforms.ActiveCfg = Debug|x86
		{DD9116C2-7823-4687-80C6-D229641C613D}.Debug|Mixed Platforms.Build.0 = Debug|x86
		{DD9116C2-7823-4687-80C6-D229641C613D}.Debug|x64.ActiveCfg = Debug|x86
		{DD9116C2-7823-4687-80C6-D229641C613D}.Debug|x86.ActiveCfg = Debug|x86
		{DD9116C2-7823-4687-80C6-D229641C613D}.Debug|x86.Build.0 = Debug|x86
		{DD9116C2-7823-4687-80C6-D229641C613D}.Plugins-only Debug (x64)|Any CPU.ActiveCfg = Debug|x86
		{DD9116C2-7823-4687-80C6-D229641C613D}.Plugins-only Debug (x64)|Mixed Platforms.ActiveCfg = Debug|x86
		{DD9116C2-7823-4687-80C6-D229641C613D}.Plugins-only Debug (x64)|Mixed Platforms.Build.0 = Debug|x86
		{DD9116C2-7823-4687-80C6-D229641C613D}.Plugins-only Debug (x64)|x64.ActiveCfg = Debug|x86
		{DD9116C2-7823-4687-80C6-D229641C613D}.Plugins-only Debug (x64)|x86.ActiveCfg = Debug|x86
		{DD9116C2-7823-4687-80C6-D229641C613D}.Plugins-only Debug (x64)|x86.Build.0 = Debug|x86
		{DD9116C2-7823-4687-80C6-D229641C613D}.Plugins-only Release (x64)|Any CPU.ActiveCfg = Release|x86
		{DD9116C2-7823-4687-80C6-D229641C613D}.Plugins-only Release (x64)|Mixed Platforms.ActiveCfg = Release|x86
		{DD9116C2-7823-4687-80C6-D229641C613D}.Plugins-only Release (x64)|Mixed Platforms.Build.0 = Release|x86
		{DD9116C2-7823-4687-80C6-D229641C613D}.Plugins-only Release (x64)|x64.ActiveCfg = Release|x86
		{DD9116C2-7823-4687-80C6-D229641C613D}.Plugins-only Release (x64)|x86.ActiveCfg = Release|x86
		{DD9116C2-7823-4687-80C6-D229641C613D}.Plugins-only Release (x64)|x86.Build.0 = Release|x86
		{DD9116C2-7823-4687-80C6-D229641C613D}.Release (x64)|Any CPU.ActiveCfg = Release|x86
		{DD9116C2-7823-4687-80C6-D229641C613D}.Release (x64)|Mixed Platforms.ActiveCfg = Release|x86
		{DD9116C2-7823-4687-80C6-D229641C613D}.Release (x64)|Mixed Platforms.Build.0 = Release|x86
		{DD9116C2-7823-4687-80C6-D229641C613D}.Release (x64)|x64.ActiveCfg = Release|x86
		{DD9116C2-7823-4687-80C6-D229641C613D}.Release (x64)|x86.ActiveCfg = Release|x86
		{DD9116C2-7823-4687-80C6-D229641C613D}.Release (x64)|x86.Build.0 = Release|x86
		{DD9116C2-7823-4687-80C6-D229641C613D}.Release|Any CPU.ActiveCfg = Release|x86
		{DD9116C2-7823-4687-80C6-D229641C613D}.Release|Any CPU.Build.0 = Release|x86
		{DD9116C2-7823-4687-80C6-D229641C613D}.Release|Mixed Platforms.ActiveCfg = Release|x86
		{DD9116C2-7823-4687-80C6-D229641C613D}.Release|Mixed Platforms.Build.0 = Release|x86
		{DD9116C2-7823-4687-80C6-D229641C613D}.Release|x64.ActiveCfg = Release|x86
		{DD9116C2-7823-4687-80C6-D229641C613D}.Release|x86.ActiveCfg = Release|x86
		{DD9116C2-7823-4687-80C6-D229641C613D}.Release|x86.Build.0 = Release|x86
		{0BAD8C1B-AA80-466F-8CBE-78381761EDD5}.Debug|Any CPU.ActiveCfg = Debug|x86
		{0BAD8C1B-AA80-466F-8CBE-78381761EDD5}.Debug|Mixed Platforms.ActiveCfg = Debug|x86
		{0BAD8C1B-AA80-466F-8CBE-78381761EDD5}.Debug|Mixed Platforms.Build.0 = Debug|x86
		{0BAD8C1B-AA80-466F-8CBE-78381761EDD5}.Debug|x64.ActiveCfg = Debug|x86
		{0BAD8C1B-AA80-466F-8CBE-78381761EDD5}.Debug|x86.ActiveCfg = Debug|x86
		{0BAD8C1B-AA80-466F-8CBE-78381761EDD5}.Debug|x86.Build.0 = Debug|x86
		{0BAD8C1B-AA80-466F-8CBE-78381761EDD5}.Plugins-only Debug (x64)|Any CPU.ActiveCfg = Debug|x86
		{0BAD8C1B-AA80-466F-8CBE-78381761EDD5}.Plugins-only Debug (x64)|Mixed Platforms.ActiveCfg = Debug|x86
		{0BAD8C1B-AA80-466F-8CBE-78381761EDD5}.Plugins-only Debug (x64)|Mixed Platforms.Build.0 = Debug|x86
		{0BAD8C1B-AA80-466F-8CBE-78381761EDD5}.Plugins-only Debug (x64)|x64.ActiveCfg = Debug|x86
		{0BAD8C1B-AA80-466F-8CBE-78381761EDD5}.Plugins-only Debug (x64)|x86.ActiveCfg = Debug|x86
		{0BAD8C1B-AA80-466F-8CBE-78381761EDD5}.Plugins-only Debug (x64)|x86.Build.0 = Debug|x86
		{0BAD8C1B-AA80-466F-8CBE-78381761EDD5}.Plugins-only Release (x64)|Any CPU.ActiveCfg = Release|x86
		{0BAD8C1B-AA80-466F-8CBE-78381761EDD5}.Plugins-only Release (x64)|Mixed Platforms.ActiveCfg = Release|x86
		{0BAD8C1B-AA80-466F-8CBE-78381761EDD5}.Plugins-only Release (x64)|Mixed Platforms.Build.0 = Release|x86
		{0BAD8C1B-AA80-466F-8CBE-78381761EDD5}.Plugins-only Release (x64)|x64.ActiveCfg = Release|x86
		{0BAD8C1B-AA80-466F-8CBE-78381761EDD5}.Plugins-only Release (x64)|x86.ActiveCfg = Release|x86
		{0BAD8C1B-AA80-466F-8CBE-78381761EDD5}.Plugins-only Release (x64)|x86.Build.0 = Release|x86
		{0BAD8C1B-AA80-466F-8CBE-78381761EDD5}.Release (x64)|Any CPU.ActiveCfg = Release|x86
		{0BAD8C1B-AA80-466F-8CBE-78381761EDD5}.Release (x64)|Mixed Platforms.ActiveCfg = Release|x86
		{0BAD8C1B-AA80-466F-8CBE-78381761EDD5}.Release (x64)|Mixed Platforms.Build.0 = Release|x86
		{0BAD8C1B-AA80-466F-8CBE-78381761EDD5}.Release (x64)|x64.ActiveCfg = Release|x86
		{0BAD8C1B-AA80-466F-8CBE-78381761EDD5}.Release (x64)|x86.ActiveCfg = Release|x86
		{0BAD8C1B-AA80-466F-8CBE-78381761EDD5}.Release (x64)|x86.Build.0 = Release|x86
		{0BAD8C1B-AA80-466F-8CBE-78381761EDD5}.Release|Any CPU.ActiveCfg = Release|x86
		{0BAD8C1B-AA80-466F-8CBE-78381761EDD5}.Release|Any CPU.Build.0 = Release|x86
		{0BAD8C1B-AA80-466F-8CBE-78381761EDD5}.Release|Mixed Platforms.ActiveCfg = Release|x86
		{0BAD8C1B-AA80-466F-8CBE-78381761EDD5}.Release|Mixed Platforms.Build.0 = Release|x86
		{0BAD8C1B-AA80-466F-8CBE-78381761EDD5}.Release|x64.ActiveCfg = Release|x86
		{0BAD8C1B-AA80-466F-8CBE-78381761EDD5}.Release|x86.ActiveCfg = Release|x86
		{0BAD8C1B-AA80-466F-8CBE-78381761EDD5}.Release|x86.Build.0 = Release|x86
		{96313F30-2679-49F9-ADA7-2D486D6EBFF9}.Debug|Any CPU.ActiveCfg = Debug|x86
		{96313F30-2679-49F9-ADA7-2D486D6EBFF9}.Debug|Mixed Platforms.ActiveCfg = Debug|x86
		{96313F30-2679-49F9-ADA7-2D486D6EBFF9}.Debug|Mixed Platforms.Build.0 = Debug|x86
		{96313F30-2679-49F9-ADA7-2D486D6EBFF9}.Debug|x64.ActiveCfg = Debug|x86
		{96313F30-2679-49F9-ADA7-2D486D6EBFF9}.Debug|x86.ActiveCfg = Debug|x86
		{96313F30-2679-49F9-ADA7-2D486D6EBFF9}.Debug|x86.Build.0 = Debug|x86
		{96313F30-2679-49F9-ADA7-2D486D6EBFF9}.Plugins-only Debug (x64)|Any CPU.ActiveCfg = Debug|x86
		{96313F30-2679-49F9-ADA7-2D486D6EBFF9}.Plugins-only Debug (x64)|Mixed Platforms.ActiveCfg = Debug|x86
		{96313F30-2679-49F9-ADA7-2D486D6EBFF9}.Plugins-only Debug (x64)|Mixed Platforms.Build.0 = Debug|x86
		{96313F30-2679-49F9-ADA7-2D486D6EBFF9}.Plugins-only Debug (x64)|x64.ActiveCfg = Debug|x86
		{96313F30-2679-49F9-ADA7-2D486D6EBFF9}.Plugins-only Debug (x64)|x86.ActiveCfg = Debug|x86
		{96313F30-2679-49F9-ADA7-2D486D6EBFF9}.Plugins-only Debug (x64)|x86.Build.0 = Debug|x86
		{96313F30-2679-49F9-ADA7-2D486D6EBFF9}.Plugins-only Release (x64)|Any CPU.ActiveCfg = Release|x86
		{96313F30-2679-49F9-ADA7-2D486D6EBFF9}.Plugins-only Release (x64)|Mixed Platforms.ActiveCfg = Release|x86
		{96313F30-2679-49F9-ADA7-2D486D6EBFF9}.Plugins-only Release (x64)|Mixed Platforms.Build.0 = Release|x86
		{96313F30-2679-49F9-ADA7-2D486D6EBFF9}.Plugins-only Release (x64)|x64.ActiveCfg = Release|x86
		{96313F30-2679-49F9-ADA7-2D486D6EBFF9}.Plugins-only Release (x64)|x86.ActiveCfg = Release|x86
		{96313F30-2679-49F9-ADA7-2D486D6EBFF9}.Plugins-only Release (x64)|x86.Build.0 = Release|x86
		{96313F30-2679-49F9-ADA7-2D486D6EBFF9}.Release (x64)|Any CPU.ActiveCfg = Release|x86
		{96313F30-2679-49F9-ADA7-2D486D6EBFF9}.Release (x64)|Mixed Platforms.ActiveCfg = Release|x86
		{96313F30-2679-49F9-ADA7-2D486D6EBFF9}.Release (x64)|Mixed Platforms.Build.0 = Release|x86
		{96313F30-2679-49F9-ADA7-2D486D6EBFF9}.Release (x64)|x64.ActiveCfg = Release|x86
		{96313F30-2679-49F9-ADA7-2D486D6EBFF9}.Release (x64)|x86.ActiveCfg = Release|x86
		{96313F30-2679-49F9-ADA7-2D486D6EBFF9}.Release (x64)|x86.Build.0 = Release|x86
		{96313F30-2679-49F9-ADA7-2D486D6EBFF9}.Release|Any CPU.ActiveCfg = Release|x86
		{96313F30-2679-49F9-ADA7-2D486D6EBFF9}.Release|Any CPU.Build.0 = Release|x86
		{96313F30-2679-49F9-ADA7-2D486D6EBFF9}.Release|Mixed Platforms.ActiveCfg = Release|x86
		{96313F30-2679-49F9-ADA7-2D486D6EBFF9}.Release|Mixed Platforms.Build.0 = Release|x86
		{96313F30-2679-49F9-ADA7-2D486D6EBFF9}.Release|x64.ActiveCfg = Release|x86
		{96313F30-2679-49F9-ADA7-2D486D6EBFF9}.Release|x86.ActiveCfg = Release|x86
		{96313F30-2679-49F9-ADA7-2D486D6EBFF9}.Release|x86.Build.0 = Release|x86
	EndGlobalSection
	GlobalSection(SolutionProperties) = preSolution
		HideSolutionNode = FALSE
	EndGlobalSection
	GlobalSection(NestedProjects) = preSolution
		{BB748504-D401-4415-9F4B-A0A4AAE27791} = {D89A73D8-A968-40F3-85D5-629C62C1A3EB}
		{DD9116C2-7823-4687-80C6-D229641C613D} = {D89A73D8-A968-40F3-85D5-629C62C1A3EB}
		{0BAD8C1B-AA80-466F-8CBE-78381761EDD5} = {D89A73D8-A968-40F3-85D5-629C62C1A3EB}
		{96313F30-2679-49F9-ADA7-2D486D6EBFF9} = {D89A73D8-A968-40F3-85D5-629C62C1A3EB}
		{3A89EB48-3E51-48D9-83C6-5B09CBF8D90E} = {D89A73D8-A968-40F3-85D5-629C62C1A3EB}
	EndGlobalSection
EndGlobal
