<?xml version="1.0" encoding="utf-8"?>
<Project ToolsVersion="4.0" xmlns="http://schemas.microsoft.com/developer/msbuild/2003">
  <ItemGroup>
    <Filter Include="Source Files">
      <UniqueIdentifier>{a762811c-f25e-4f99-9368-6443f51407a4}</UniqueIdentifier>
      <Extensions>cpp;c;cxx;rc;def;r;odl;idl;hpj;bat</Extensions>
    </Filter>
    <Filter Include="Header Files">
      <UniqueIdentifier>{0f369712-c5c6-49c1-a90f-094026d1b6d3}</UniqueIdentifier>
      <Extensions>h;hpp;hxx;hm;inl</Extensions>
    </Filter>
    <Filter Include="Resource Files">
      <UniqueIdentifier>{0ae5b075-39bb-4d1b-86c0-de9fa64e6ddb}</UniqueIdentifier>
      <Extensions>ico;cur;bmp;dlg;rc2;rct;bin;rgs;gif;jpg;jpeg;jpe</Extensions>
    </Filter>
  </ItemGroup>
  <ItemGroup>
    <ClCompile Include="3mbBitmapFunctions.cpp">
      <Filter>Source Files</Filter>
    </ClCompile>
    <ClCompile Include="3mbGetBehaviorName.cpp">
      <Filter>Source Files</Filter>
    </ClCompile>
    <ClCompile Include="3mbGuiFunctions.cpp">
      <Filter>Source Files</Filter>
    </ClCompile>
    <ClCompile Include="3mbLoadShapeFileDlg.cpp">
      <Filter>Source Files</Filter>
    </ClCompile>
    <ClCompile Include="3mbLoadShapeFileThreads.cpp">
      <Filter>Source Files</Filter>
    </ClCompile>
    <ClCompile Include="3MBS.cpp">
      <Filter>Source Files</Filter>
    </ClCompile>
    <ClCompile Include="3mbScaleBitmapWinProc.cpp">
      <Filter>Source Files</Filter>
    </ClCompile>
    <ClCompile Include="3mbSceInterface.cpp">
      <Filter>Source Files</Filter>
    </ClCompile>
    <ClCompile Include="3mbScenarioConfig.cpp">
      <Filter>Source Files</Filter>
    </ClCompile>
    <ClCompile Include="3mbSeedBitmapWinProc.cpp">
      <Filter>Source Files</Filter>
    </ClCompile>
    <ClCompile Include="3mbSeedDlgLayoutConfig.cpp">
      <Filter>Source Files</Filter>
    </ClCompile>
    <ClCompile Include="3mbSeedDlgProc.cpp">
      <Filter>Source Files</Filter>
    </ClCompile>
    <ClCompile Include="3mbSeedingFunctions.cpp">
      <Filter>Source Files</Filter>
    </ClCompile>
    <ClCompile Include="3mbSetOptLimiIntrvlDlg.cpp">
      <Filter>Source Files</Filter>
    </ClCompile>
    <ClCompile Include="3mbSpeciesMdl.cpp">
      <Filter>Source Files</Filter>
    </ClCompile>
    <ClCompile Include="3mbSpeciesVectorMdl.cpp">
      <Filter>Source Files</Filter>
    </ClCompile>
    <ClCompile Include="3mbSystemCheck.cpp">
      <Filter>Source Files</Filter>
    </ClCompile>
    <ClCompile Include="AlphaBlendExample.cpp">
      <Filter>Source Files</Filter>
    </ClCompile>
    <ClCompile Include="BrowseFolder.cpp">
      <Filter>Source Files</Filter>
    </ClCompile>
    <ClCompile Include="C3mbWindow.cpp">
      <Filter>Source Files</Filter>
    </ClCompile>
    <ClCompile Include="..\shapelib-1.3.0b2\dbfopen.c">
      <Filter>Source Files</Filter>
    </ClCompile>
    <ClCompile Include="..\shapelib-1.3.0b2\safileio.c">
      <Filter>Source Files</Filter>
    </ClCompile>
    <ClCompile Include="..\shapelib-1.3.0b2\shpopen.c">
      <Filter>Source Files</Filter>
    </ClCompile>
    <ClCompile Include="..\shapelib-1.3.0b2\shptree.c">
      <Filter>Source Files</Filter>
    </ClCompile>
  </ItemGroup>
  <ItemGroup>
    <ResourceCompile Include="3MBS.rc">
      <Filter>Source Files</Filter>
    </ResourceCompile>
  </ItemGroup>
  <ItemGroup>
    <ClInclude Include="AlphaBlendExample.h">
      <Filter>Source Files</Filter>
    </ClInclude>
    <ClInclude Include="3mb.h">
      <Filter>Header Files</Filter>
    </ClInclude>
    <ClInclude Include="3mbBitmapFunctions.h">
      <Filter>Header Files</Filter>
    </ClInclude>
    <ClInclude Include="3mbGetBehaviorName.h">
      <Filter>Header Files</Filter>
    </ClInclude>
    <ClInclude Include="3mbGuiFunctions.h">
      <Filter>Header Files</Filter>
    </ClInclude>
    <ClInclude Include="3mbLoadShapeFileDlg.h">
      <Filter>Header Files</Filter>
    </ClInclude>
    <ClInclude Include="3mbLoadShapeFileThreads.h">
      <Filter>Header Files</Filter>
    </ClInclude>
    <ClInclude Include="3mbScaleBitmapWinProc.h">
      <Filter>Header Files</Filter>
    </ClInclude>
    <ClInclude Include="3mbSceInterface.h">
      <Filter>Header Files</Filter>
    </ClInclude>
    <ClInclude Include="3mbScenarioConfig.h">
      <Filter>Header Files</Filter>
    </ClInclude>
    <ClInclude Include="3mbSeedBitmapWinProc.h">
      <Filter>Header Files</Filter>
    </ClInclude>
    <ClInclude Include="3mbSeedDlgLayoutConfig.h">
      <Filter>Header Files</Filter>
    </ClInclude>
    <ClInclude Include="3mbSeedDlgProc.h">
      <Filter>Header Files</Filter>
    </ClInclude>
    <ClInclude Include="3mbSeedingFunctions.h">
      <Filter>Header Files</Filter>
    </ClInclude>
    <ClInclude Include="3mbSetOptLimiIntrvlDlg.h">
      <Filter>Header Files</Filter>
    </ClInclude>
    <ClInclude Include="3mbSpeciesMdl.h">
      <Filter>Header Files</Filter>
    </ClInclude>
    <ClInclude Include="3mbSpeciesVectorMdl.h">
      <Filter>Header Files</Filter>
    </ClInclude>
    <ClInclude Include="3mbSystemCheck.h">
      <Filter>Header Files</Filter>
    </ClInclude>
    <ClInclude Include="BrowseFolder.h">
      <Filter>Header Files</Filter>
    </ClInclude>
    <ClInclude Include="C3mbWindow.h">
      <Filter>Header Files</Filter>
    </ClInclude>
    <ClInclude Include="resource.h">
      <Filter>Header Files</Filter>
    </ClInclude>
    <ClInclude Include="..\shapelib-1.3.0b2\shapefil.h">
      <Filter>Header Files</Filter>
    </ClInclude>
  </ItemGroup>
  <ItemGroup>
    <None Include="3mbNewIcon.ico">
      <Filter>Resource Files</Filter>
    </None>
    <None Include="3MBS.ico">
      <Filter>Resource Files</Filter>
    </None>
    <None Include="Dolphin08percent.bmp">
      <Filter>Resource Files</Filter>
    </None>
    <None Include="dolphins2croppedColored3percent.bmp">
      <Filter>Resource Files</Filter>
    </None>
    <None Include="dolphins2croppedColored6percent.bmp">
      <Filter>Resource Files</Filter>
    </None>
    <None Include="dolphins2croppedColored8percent.bmp">
      <Filter>Resource Files</Filter>
    </None>
    <None Include="icon1.ico">
      <Filter>Resource Files</Filter>
    </None>
    <None Include="my3mbsdo.ico">
      <Filter>Resource Files</Filter>
    </None>
    <None Include="small.ico">
      <Filter>Resource Files</Filter>
    </None>
    <None Include="EsmeNotes.txt" />
    <None Include="ReadMe.txt" />
  </ItemGroup>
</Project>